{
  "version": 4,
  "terraform_version": "1.4.4",
  "serial": 56,
  "lineage": "832ba03f-07b8-3d60-0616-30d33ce8cef4",
  "outputs": {},
  "resources": [
    {
      "module": "module.bucket",
      "mode": "managed",
      "type": "aws_s3_bucket",
      "name": "bucket_s3",
      "provider": "provider[\"registry.terraform.io/hashicorp/aws\"]",
      "instances": [
        {
          "schema_version": 0,
          "attributes": {
            "acceleration_status": "",
            "acl": null,
            "arn": "arn:aws:s3:::bold-cd-acloud-repsol-prd-s3",
            "bucket": "bold-cd-acloud-repsol-prd-s3",
            "bucket_domain_name": "bold-cd-acloud-repsol-prd-s3.s3.amazonaws.com",
            "bucket_prefix": null,
            "bucket_regional_domain_name": "bold-cd-acloud-repsol-prd-s3.s3.eu-west-1.amazonaws.com",
            "cors_rule": [],
            "force_destroy": false,
            "grant": [
              {
                "id": "4c5771ff86e9495b505176676e55d27a73f5be3326e35636c74c676a9faa1f5e",
                "permissions": [
                  "FULL_CONTROL"
                ],
                "type": "CanonicalUser",
                "uri": ""
              }
            ],
            "hosted_zone_id": "Z1BKCTXD74EZPE",
            "id": "bold-cd-acloud-repsol-prd-s3",
            "lifecycle_rule": [],
            "logging": [],
            "object_lock_configuration": [],
            "object_lock_enabled": false,
            "policy": "",
            "region": "eu-west-1",
            "replication_configuration": [],
            "request_payer": "BucketOwner",
            "server_side_encryption_configuration": [
              {
                "rule": [
                  {
                    "apply_server_side_encryption_by_default": [
                      {
                        "kms_master_key_id": "",
                        "sse_algorithm": "AES256"
                      }
                    ],
                    "bucket_key_enabled": false
                  }
                ]
              }
            ],
            "tags": {
              "Entity": "Bold",
              "Environment": "prd",
              "Name": "bold-cd-acloud-repsol-prd-s3",
              "Project": "repsol",
              "Region": "eu-west-1",
              "Repository": "https://bitbucket.org/maraujoda/repsol-repo/src/main/",
              "Team": "ACloud",
              "Unit": "cd"
            },
            "tags_all": {
              "Entity": "Bold",
              "Environment": "prd",
              "Name": "bold-cd-acloud-repsol-prd-s3",
              "Project": "repsol",
              "Region": "eu-west-1",
              "Repository": "https://bitbucket.org/maraujoda/repsol-repo/src/main/",
              "Team": "ACloud",
              "Unit": "cd"
            },
            "timeouts": null,
            "versioning": [
              {
                "enabled": false,
                "mfa_delete": false
              }
            ],
            "website": [],
            "website_domain": null,
            "website_endpoint": null
          },
          "sensitive_attributes": [],
          "private": "eyJlMmJmYjczMC1lY2FhLTExZTYtOGY4OC0zNDM2M2JjN2M0YzAiOnsiY3JlYXRlIjoxMjAwMDAwMDAwMDAwLCJkZWxldGUiOjM2MDAwMDAwMDAwMDAsInJlYWQiOjEyMDAwMDAwMDAwMDAsInVwZGF0ZSI6MTIwMDAwMDAwMDAwMH19",
          "dependencies": [
            "module.networking.aws_vpc.vpc_network"
          ]
        }
      ]
    },
    {
      "module": "module.bucket",
      "mode": "managed",
      "type": "aws_s3_bucket_acl",
      "name": "bucket_s3_permission",
      "provider": "provider[\"registry.terraform.io/hashicorp/aws\"]",
      "instances": [
        {
          "schema_version": 0,
          "attributes": {
            "access_control_policy": [
              {
                "grant": [
                  {
                    "grantee": [
                      {
                        "display_name": "awsrepsoluser+dev",
                        "email_address": "",
                        "id": "4c5771ff86e9495b505176676e55d27a73f5be3326e35636c74c676a9faa1f5e",
                        "type": "CanonicalUser",
                        "uri": ""
                      }
                    ],
                    "permission": "FULL_CONTROL"
                  }
                ],
                "owner": [
                  {
                    "display_name": "awsrepsoluser+dev",
                    "id": "4c5771ff86e9495b505176676e55d27a73f5be3326e35636c74c676a9faa1f5e"
                  }
                ]
              }
            ],
            "acl": "private",
            "bucket": "bold-cd-acloud-repsol-prd-s3",
            "expected_bucket_owner": "",
            "id": "bold-cd-acloud-repsol-prd-s3,private"
          },
          "sensitive_attributes": [],
          "private": "bnVsbA==",
          "dependencies": [
            "module.bucket.aws_s3_bucket.bucket_s3",
            "module.networking.aws_vpc.vpc_network"
          ]
        }
      ]
    },
    {
      "module": "module.container",
      "mode": "managed",
      "type": "aws_ecs_cluster",
      "name": "ecs_cluster",
      "provider": "provider[\"registry.terraform.io/hashicorp/aws\"]",
      "instances": [
        {
          "schema_version": 0,
          "attributes": {
            "arn": "arn:aws:ecs:eu-west-1:705301005849:cluster/bold-cd-acloud-repsol-prd-ecs-cluster",
            "capacity_providers": [],
            "configuration": [],
            "default_capacity_provider_strategy": [],
            "id": "arn:aws:ecs:eu-west-1:705301005849:cluster/bold-cd-acloud-repsol-prd-ecs-cluster",
            "name": "bold-cd-acloud-repsol-prd-ecs-cluster",
            "service_connect_defaults": [],
            "setting": [
              {
                "name": "containerInsights",
                "value": "disabled"
              }
            ],
            "tags": {
              "Entity": "Bold",
              "Environment": "prd",
              "Name": "bold-cd-acloud-repsol-prd-ecs-cluster",
              "Project": "repsol",
              "Region": "eu-west-1",
              "Repository": "https://bitbucket.org/maraujoda/repsol-repo/src/main/",
              "Team": "ACloud",
              "Unit": "cd"
            },
            "tags_all": {
              "Entity": "Bold",
              "Environment": "prd",
              "Name": "bold-cd-acloud-repsol-prd-ecs-cluster",
              "Project": "repsol",
              "Region": "eu-west-1",
              "Repository": "https://bitbucket.org/maraujoda/repsol-repo/src/main/",
              "Team": "ACloud",
              "Unit": "cd"
            }
          },
          "sensitive_attributes": [],
          "private": "bnVsbA==",
          "dependencies": [
            "module.networking.aws_vpc.vpc_network"
          ]
        }
      ]
    },
    {
      "module": "module.container",
      "mode": "managed",
      "type": "aws_iam_policy",
      "name": "rds_policy",
      "provider": "provider[\"registry.terraform.io/hashicorp/aws\"]",
      "instances": [
        {
          "schema_version": 0,
          "attributes": {
            "arn": "arn:aws:iam::705301005849:policy/bold-cd-acloud-repsol-prd-policy-rds",
            "description": "Policy that allows access to RDS: Aurora",
            "id": "arn:aws:iam::705301005849:policy/bold-cd-acloud-repsol-prd-policy-rds",
            "name": "bold-cd-acloud-repsol-prd-policy-rds",
            "name_prefix": null,
            "path": "/",
            "policy": "{\"Statement\":[{\"Action\":[\"rds:CreateTable\",\"rds:UpdateTimeToLive\",\"rds:PutItem\",\"rds:DescribeTable\",\"rds:ListTables\",\"rds:DeleteItem\",\"rds:GetItem\",\"rds:Scan\",\"rds:Query\",\"rds:UpdateItem\",\"rds:UpdateTable\"],\"Effect\":\"Allow\",\"Resource\":\"*\"}],\"Version\":\"2012-10-17\"}",
            "policy_id": "ANPA2INZXIYMUFG75IJ2V",
            "tags": {
              "Entity": "Bold",
              "Environment": "prd",
              "Name": "bold-cd-acloud-repsol-prd-policy-rds",
              "Project": "repsol",
              "Region": "eu-west-1",
              "Repository": "https://bitbucket.org/maraujoda/repsol-repo/src/main/",
              "Team": "ACloud",
              "Unit": "cd"
            },
            "tags_all": {
              "Entity": "Bold",
              "Environment": "prd",
              "Name": "bold-cd-acloud-repsol-prd-policy-rds",
              "Project": "repsol",
              "Region": "eu-west-1",
              "Repository": "https://bitbucket.org/maraujoda/repsol-repo/src/main/",
              "Team": "ACloud",
              "Unit": "cd"
            }
          },
          "sensitive_attributes": [],
          "private": "bnVsbA==",
          "dependencies": [
            "module.networking.aws_vpc.vpc_network"
          ]
        }
      ]
    },
    {
      "module": "module.container",
      "mode": "managed",
      "type": "aws_iam_role",
      "name": "ecs_task_execution_role",
      "provider": "provider[\"registry.terraform.io/hashicorp/aws\"]",
      "instances": [
        {
          "schema_version": 0,
          "attributes": {
            "arn": "arn:aws:iam::705301005849:role/bold-cd-acloud-repsol-prd-policy-ecs",
            "assume_role_policy": "{\"Statement\":[{\"Action\":\"sts:AssumeRole\",\"Effect\":\"Allow\",\"Principal\":{\"Service\":\"ecs-tasks.amazonaws.com\"},\"Sid\":\"\"}],\"Version\":\"2012-10-17\"}",
            "create_date": "2023-04-18T12:49:14Z",
            "description": "",
            "force_detach_policies": false,
            "id": "bold-cd-acloud-repsol-prd-policy-ecs",
            "inline_policy": [],
            "managed_policy_arns": [
              "arn:aws:iam::aws:policy/service-role/AmazonECSTaskExecutionRolePolicy"
            ],
            "max_session_duration": 3600,
            "name": "bold-cd-acloud-repsol-prd-policy-ecs",
            "name_prefix": "",
            "path": "/",
            "permissions_boundary": null,
            "tags": {
              "Entity": "Bold",
              "Environment": "prd",
              "Name": "bold-cd-acloud-repsol-prd-policy-ecs",
              "Project": "repsol",
              "Region": "eu-west-1",
              "Repository": "https://bitbucket.org/maraujoda/repsol-repo/src/main/",
              "Team": "ACloud",
              "Unit": "cd"
            },
            "tags_all": {
              "Entity": "Bold",
              "Environment": "prd",
              "Name": "bold-cd-acloud-repsol-prd-policy-ecs",
              "Project": "repsol",
              "Region": "eu-west-1",
              "Repository": "https://bitbucket.org/maraujoda/repsol-repo/src/main/",
              "Team": "ACloud",
              "Unit": "cd"
            },
            "unique_id": "AROA2INZXIYMV5T63IA4Q"
          },
          "sensitive_attributes": [],
          "private": "bnVsbA==",
          "dependencies": [
            "module.networking.aws_vpc.vpc_network"
          ]
        }
      ]
    },
    {
      "module": "module.container",
      "mode": "managed",
      "type": "aws_iam_role",
      "name": "ecs_task_role",
      "provider": "provider[\"registry.terraform.io/hashicorp/aws\"]",
      "instances": [
        {
          "schema_version": 0,
          "attributes": {
            "arn": "arn:aws:iam::705301005849:role/bold-cd-acloud-repsol-prd-ecsTaskRole",
            "assume_role_policy": "{\"Statement\":[{\"Action\":\"sts:AssumeRole\",\"Effect\":\"Allow\",\"Principal\":{\"Service\":\"ecs-tasks.amazonaws.com\"},\"Sid\":\"\"}],\"Version\":\"2012-10-17\"}",
            "create_date": "2023-04-18T12:49:14Z",
            "description": "",
            "force_detach_policies": false,
            "id": "bold-cd-acloud-repsol-prd-ecsTaskRole",
            "inline_policy": [],
            "managed_policy_arns": [
              "arn:aws:iam::705301005849:policy/bold-cd-acloud-repsol-prd-policy-rds"
            ],
            "max_session_duration": 3600,
            "name": "bold-cd-acloud-repsol-prd-ecsTaskRole",
            "name_prefix": "",
            "path": "/",
            "permissions_boundary": null,
            "tags": {
              "Entity": "Bold",
              "Environment": "prd",
              "Name": "bold-cd-acloud-repsol-prd-ecsTaskRole",
              "Project": "repsol",
              "Region": "eu-west-1",
              "Repository": "https://bitbucket.org/maraujoda/repsol-repo/src/main/",
              "Team": "ACloud",
              "Unit": "cd"
            },
            "tags_all": {
              "Entity": "Bold",
              "Environment": "prd",
              "Name": "bold-cd-acloud-repsol-prd-ecsTaskRole",
              "Project": "repsol",
              "Region": "eu-west-1",
              "Repository": "https://bitbucket.org/maraujoda/repsol-repo/src/main/",
              "Team": "ACloud",
              "Unit": "cd"
            },
            "unique_id": "AROA2INZXIYMTKYCCDPRT"
          },
          "sensitive_attributes": [],
          "private": "bnVsbA==",
          "dependencies": [
            "module.networking.aws_vpc.vpc_network"
          ]
        }
      ]
    },
    {
      "module": "module.container",
      "mode": "managed",
      "type": "aws_iam_role_policy_attachment",
      "name": "ecs-task-execution-role-policy-attachment",
      "provider": "provider[\"registry.terraform.io/hashicorp/aws\"]",
      "instances": [
        {
          "schema_version": 0,
          "attributes": {
            "id": "bold-cd-acloud-repsol-prd-policy-ecs-20230418124917087400000001",
            "policy_arn": "arn:aws:iam::aws:policy/service-role/AmazonECSTaskExecutionRolePolicy",
            "role": "bold-cd-acloud-repsol-prd-policy-ecs"
          },
          "sensitive_attributes": [],
          "private": "bnVsbA==",
          "dependencies": [
            "module.container.aws_iam_role.ecs_task_execution_role",
            "module.networking.aws_vpc.vpc_network"
          ]
        }
      ]
    },
    {
      "module": "module.container",
      "mode": "managed",
      "type": "aws_iam_role_policy_attachment",
      "name": "ecs-task-role-policy-attachment",
      "provider": "provider[\"registry.terraform.io/hashicorp/aws\"]",
      "instances": [
        {
          "schema_version": 0,
          "attributes": {
            "id": "bold-cd-acloud-repsol-prd-ecsTaskRole-20230418124917253500000002",
            "policy_arn": "arn:aws:iam::705301005849:policy/bold-cd-acloud-repsol-prd-policy-rds",
            "role": "bold-cd-acloud-repsol-prd-ecsTaskRole"
          },
          "sensitive_attributes": [],
          "private": "bnVsbA==",
          "dependencies": [
            "module.container.aws_iam_policy.rds_policy",
            "module.container.aws_iam_role.ecs_task_role",
            "module.networking.aws_vpc.vpc_network"
          ]
        }
      ]
    },
    {
      "module": "module.container",
      "mode": "managed",
      "type": "aws_security_group",
      "name": "ecs_sg",
      "provider": "provider[\"registry.terraform.io/hashicorp/aws\"]",
      "instances": [
        {
          "schema_version": 1,
          "attributes": {
            "arn": "arn:aws:ec2:eu-west-1:705301005849:security-group/sg-0670f2a411b1a8d4d",
            "description": "Security Group for Public Access",
            "egress": [
              {
                "cidr_blocks": [
                  "0.0.0.0/0"
                ],
                "description": "",
                "from_port": 0,
                "ipv6_cidr_blocks": [
                  "::/0"
                ],
                "prefix_list_ids": [],
                "protocol": "-1",
                "security_groups": [],
                "self": false,
                "to_port": 0
              }
            ],
            "id": "sg-0670f2a411b1a8d4d",
            "ingress": [
              {
                "cidr_blocks": [
                  "0.0.0.0/0"
                ],
                "description": "Security Group used to ECS Cluster",
                "from_port": 80,
                "ipv6_cidr_blocks": [
                  "::/0"
                ],
                "prefix_list_ids": [],
                "protocol": "tcp",
                "security_groups": [],
                "self": false,
                "to_port": 80
              }
            ],
            "name": "bold-cd-acloud-repsol-prd-ecs-sg",
            "name_prefix": "",
            "owner_id": "705301005849",
            "revoke_rules_on_delete": false,
            "tags": {},
            "tags_all": {},
            "timeouts": null,
            "vpc_id": "vpc-035ca384820a5b3da"
          },
          "sensitive_attributes": [],
          "private": "eyJlMmJmYjczMC1lY2FhLTExZTYtOGY4OC0zNDM2M2JjN2M0YzAiOnsiY3JlYXRlIjo2MDAwMDAwMDAwMDAsImRlbGV0ZSI6OTAwMDAwMDAwMDAwfSwic2NoZW1hX3ZlcnNpb24iOiIxIn0=",
          "dependencies": [
            "module.networking.aws_vpc.vpc_network"
          ]
        }
      ]
    },
    {
      "module": "module.database",
      "mode": "managed",
      "type": "aws_rds_cluster",
      "name": "cluster",
      "provider": "provider[\"registry.terraform.io/hashicorp/aws\"]",
      "instances": [
        {
          "schema_version": 0,
          "attributes": {
            "allocated_storage": 1,
            "allow_major_version_upgrade": null,
            "apply_immediately": null,
            "arn": "arn:aws:rds:eu-west-1:705301005849:cluster:bold-cd-acloud-repsol-prd-rds",
            "availability_zones": [
              "eu-west-1a",
              "eu-west-1b",
              "eu-west-1c"
            ],
            "backtrack_window": 0,
            "backup_retention_period": 7,
            "cluster_identifier": "bold-cd-acloud-repsol-prd-rds",
            "cluster_identifier_prefix": null,
            "cluster_members": [],
            "cluster_resource_id": "cluster-W67LQ6ZNNI3VMOPNJ62MVROO4Q",
            "copy_tags_to_snapshot": false,
            "database_name": "aurora",
            "db_cluster_instance_class": "",
            "db_cluster_parameter_group_name": "default.aurora-mysql5.7",
            "db_instance_parameter_group_name": null,
            "db_subnet_group_name": "bold-cd-acloud-repsol-prd-rds-sn",
            "deletion_protection": false,
            "enable_global_write_forwarding": false,
            "enable_http_endpoint": false,
            "enabled_cloudwatch_logs_exports": null,
            "endpoint": "bold-cd-acloud-repsol-prd-rds.cluster-chilc2ca6zoj.eu-west-1.rds.amazonaws.com",
            "engine": "aurora-mysql",
            "engine_mode": "provisioned",
            "engine_version": "5.7",
            "engine_version_actual": "5.7.mysql_aurora.2.11.2",
            "final_snapshot_identifier": null,
            "global_cluster_identifier": "",
            "hosted_zone_id": "Z29XKXDKYMONMX",
            "iam_database_authentication_enabled": false,
            "iam_roles": [],
            "id": "bold-cd-acloud-repsol-prd-rds",
            "iops": 0,
            "kms_key_id": "",
            "master_password": "628BiNrR5kPXUPKiBOqw",
            "master_username": "aurora",
            "network_type": "IPV4",
            "port": 3306,
            "preferred_backup_window": "02:00-05:00",
            "preferred_maintenance_window": "thu:23:20-thu:23:50",
            "reader_endpoint": "bold-cd-acloud-repsol-prd-rds.cluster-ro-chilc2ca6zoj.eu-west-1.rds.amazonaws.com",
            "replication_source_identifier": "",
            "restore_to_point_in_time": [],
            "s3_import": [],
            "scaling_configuration": [],
            "serverlessv2_scaling_configuration": [],
            "skip_final_snapshot": true,
            "snapshot_identifier": null,
            "source_region": null,
            "storage_encrypted": false,
            "storage_type": "",
            "tags": {
              "Entity": "Bold",
              "Environment": "prd",
              "Name": "bold-cd-acloud-repsol-prd-rds",
              "Project": "repsol",
              "Region": "eu-west-1",
              "Repository": "https://bitbucket.org/maraujoda/repsol-repo/src/main/",
              "Team": "ACloud",
              "Unit": "cd"
            },
            "tags_all": {
              "Entity": "Bold",
              "Environment": "prd",
              "Name": "bold-cd-acloud-repsol-prd-rds",
              "Project": "repsol",
              "Region": "eu-west-1",
              "Repository": "https://bitbucket.org/maraujoda/repsol-repo/src/main/",
              "Team": "ACloud",
              "Unit": "cd"
            },
            "timeouts": null,
            "vpc_security_group_ids": [
              "sg-03adcbd8bd08acaac"
            ]
          },
          "sensitive_attributes": [
            [
              {
                "type": "get_attr",
                "value": "master_username"
              }
            ],
            [
              {
                "type": "get_attr",
                "value": "master_password"
              }
            ]
          ],
          "private": "eyJlMmJmYjczMC1lY2FhLTExZTYtOGY4OC0zNDM2M2JjN2M0YzAiOnsiY3JlYXRlIjo3MjAwMDAwMDAwMDAwLCJkZWxldGUiOjcyMDAwMDAwMDAwMDAsInVwZGF0ZSI6NzIwMDAwMDAwMDAwMH19",
          "dependencies": [
            "module.networking.aws_db_subnet_group.database_subnetgroup",
            "module.networking.aws_vpc.vpc_network"
          ]
        }
      ]
    },
    {
      "module": "module.database",
      "mode": "managed",
      "type": "aws_rds_cluster_instance",
      "name": "cluster_instances",
      "provider": "provider[\"registry.terraform.io/hashicorp/aws\"]",
      "instances": [
        {
          "index_key": 0,
          "schema_version": 0,
          "attributes": {
            "apply_immediately": null,
            "arn": "arn:aws:rds:eu-west-1:705301005849:db:bold-cd-acloud-repsol-prd-rds-instance-0",
            "auto_minor_version_upgrade": true,
            "availability_zone": "eu-west-1c",
            "ca_cert_identifier": "rds-ca-2019",
            "cluster_identifier": "bold-cd-acloud-repsol-prd-rds",
            "copy_tags_to_snapshot": false,
            "db_parameter_group_name": "default.aurora-mysql5.7",
            "db_subnet_group_name": "bold-cd-acloud-repsol-prd-rds-sn",
            "dbi_resource_id": "db-HGSKAZODVSQYN63HPALQSVN6FU",
            "endpoint": "bold-cd-acloud-repsol-prd-rds-instance-0.chilc2ca6zoj.eu-west-1.rds.amazonaws.com",
            "engine": "aurora-mysql",
            "engine_version": "5.7",
            "engine_version_actual": "5.7.mysql_aurora.2.11.2",
            "id": "bold-cd-acloud-repsol-prd-rds-instance-0",
            "identifier": "bold-cd-acloud-repsol-prd-rds-instance-0",
            "identifier_prefix": null,
            "instance_class": "db.r6g.large",
            "kms_key_id": "",
            "monitoring_interval": 0,
            "monitoring_role_arn": "",
            "network_type": "IPV4",
            "performance_insights_enabled": false,
            "performance_insights_kms_key_id": "",
            "performance_insights_retention_period": 0,
            "port": 3306,
            "preferred_backup_window": "02:00-05:00",
            "preferred_maintenance_window": "wed:05:12-wed:05:42",
            "promotion_tier": 0,
            "publicly_accessible": false,
            "storage_encrypted": false,
            "tags": {
              "Entity": "Bold",
              "Environment": "prd",
              "Name": "bold-cd-acloud-repsol-prd-rds-instance",
              "Project": "repsol",
              "Region": "eu-west-1",
              "Repository": "https://bitbucket.org/maraujoda/repsol-repo/src/main/",
              "Team": "ACloud",
              "Unit": "cd"
            },
            "tags_all": {
              "Entity": "Bold",
              "Environment": "prd",
              "Name": "bold-cd-acloud-repsol-prd-rds-instance",
              "Project": "repsol",
              "Region": "eu-west-1",
              "Repository": "https://bitbucket.org/maraujoda/repsol-repo/src/main/",
              "Team": "ACloud",
              "Unit": "cd"
            },
            "timeouts": null,
            "writer": false
          },
          "sensitive_attributes": [],
          "private": "eyJlMmJmYjczMC1lY2FhLTExZTYtOGY4OC0zNDM2M2JjN2M0YzAiOnsiY3JlYXRlIjo1NDAwMDAwMDAwMDAwLCJkZWxldGUiOjU0MDAwMDAwMDAwMDAsInVwZGF0ZSI6NTQwMDAwMDAwMDAwMH19",
          "dependencies": [
            "module.database.aws_rds_cluster.cluster",
            "module.networking.aws_db_subnet_group.database_subnetgroup",
            "module.networking.aws_subnet.private_subnet",
            "module.networking.aws_vpc.vpc_network"
          ]
        },
        {
          "index_key": 1,
          "schema_version": 0,
          "attributes": {
            "apply_immediately": null,
            "arn": "arn:aws:rds:eu-west-1:705301005849:db:bold-cd-acloud-repsol-prd-rds-instance-1",
            "auto_minor_version_upgrade": true,
            "availability_zone": "eu-west-1b",
            "ca_cert_identifier": "rds-ca-2019",
            "cluster_identifier": "bold-cd-acloud-repsol-prd-rds",
            "copy_tags_to_snapshot": false,
            "db_parameter_group_name": "default.aurora-mysql5.7",
            "db_subnet_group_name": "bold-cd-acloud-repsol-prd-rds-sn",
            "dbi_resource_id": "db-GN7HFQ66RXET7JCZ64PCINLDVU",
            "endpoint": "bold-cd-acloud-repsol-prd-rds-instance-1.chilc2ca6zoj.eu-west-1.rds.amazonaws.com",
            "engine": "aurora-mysql",
            "engine_version": "5.7",
            "engine_version_actual": "5.7.mysql_aurora.2.11.2",
            "id": "bold-cd-acloud-repsol-prd-rds-instance-1",
            "identifier": "bold-cd-acloud-repsol-prd-rds-instance-1",
            "identifier_prefix": null,
            "instance_class": "db.r6g.large",
            "kms_key_id": "",
            "monitoring_interval": 0,
            "monitoring_role_arn": "",
            "network_type": "IPV4",
            "performance_insights_enabled": false,
            "performance_insights_kms_key_id": "",
            "performance_insights_retention_period": 0,
            "port": 3306,
            "preferred_backup_window": "02:00-05:00",
            "preferred_maintenance_window": "sat:02:26-sat:02:56",
            "promotion_tier": 0,
            "publicly_accessible": false,
            "storage_encrypted": false,
            "tags": {
              "Entity": "Bold",
              "Environment": "prd",
              "Name": "bold-cd-acloud-repsol-prd-rds-instance",
              "Project": "repsol",
              "Region": "eu-west-1",
              "Repository": "https://bitbucket.org/maraujoda/repsol-repo/src/main/",
              "Team": "ACloud",
              "Unit": "cd"
            },
            "tags_all": {
              "Entity": "Bold",
              "Environment": "prd",
              "Name": "bold-cd-acloud-repsol-prd-rds-instance",
              "Project": "repsol",
              "Region": "eu-west-1",
              "Repository": "https://bitbucket.org/maraujoda/repsol-repo/src/main/",
              "Team": "ACloud",
              "Unit": "cd"
            },
            "timeouts": null,
            "writer": false
          },
          "sensitive_attributes": [],
          "private": "eyJlMmJmYjczMC1lY2FhLTExZTYtOGY4OC0zNDM2M2JjN2M0YzAiOnsiY3JlYXRlIjo1NDAwMDAwMDAwMDAwLCJkZWxldGUiOjU0MDAwMDAwMDAwMDAsInVwZGF0ZSI6NTQwMDAwMDAwMDAwMH19",
          "dependencies": [
            "module.database.aws_rds_cluster.cluster",
            "module.networking.aws_db_subnet_group.database_subnetgroup",
            "module.networking.aws_subnet.private_subnet",
            "module.networking.aws_vpc.vpc_network"
          ]
        },
        {
          "index_key": 2,
          "schema_version": 0,
          "attributes": {
            "apply_immediately": null,
            "arn": "arn:aws:rds:eu-west-1:705301005849:db:bold-cd-acloud-repsol-prd-rds-instance-2",
            "auto_minor_version_upgrade": true,
            "availability_zone": "eu-west-1a",
            "ca_cert_identifier": "rds-ca-2019",
            "cluster_identifier": "bold-cd-acloud-repsol-prd-rds",
            "copy_tags_to_snapshot": false,
            "db_parameter_group_name": "default.aurora-mysql5.7",
            "db_subnet_group_name": "bold-cd-acloud-repsol-prd-rds-sn",
            "dbi_resource_id": "db-MM4EMBGCFVSIXZAJK7RZEUZXDI",
            "endpoint": "bold-cd-acloud-repsol-prd-rds-instance-2.chilc2ca6zoj.eu-west-1.rds.amazonaws.com",
            "engine": "aurora-mysql",
            "engine_version": "5.7",
            "engine_version_actual": "5.7.mysql_aurora.2.11.2",
            "id": "bold-cd-acloud-repsol-prd-rds-instance-2",
            "identifier": "bold-cd-acloud-repsol-prd-rds-instance-2",
            "identifier_prefix": null,
            "instance_class": "db.r6g.large",
            "kms_key_id": "",
            "monitoring_interval": 0,
            "monitoring_role_arn": "",
            "network_type": "IPV4",
            "performance_insights_enabled": false,
            "performance_insights_kms_key_id": "",
            "performance_insights_retention_period": 0,
            "port": 3306,
            "preferred_backup_window": "02:00-05:00",
            "preferred_maintenance_window": "mon:23:17-mon:23:47",
            "promotion_tier": 0,
            "publicly_accessible": false,
            "storage_encrypted": false,
            "tags": {
              "Entity": "Bold",
              "Environment": "prd",
              "Name": "bold-cd-acloud-repsol-prd-rds-instance",
              "Project": "repsol",
              "Region": "eu-west-1",
              "Repository": "https://bitbucket.org/maraujoda/repsol-repo/src/main/",
              "Team": "ACloud",
              "Unit": "cd"
            },
            "tags_all": {
              "Entity": "Bold",
              "Environment": "prd",
              "Name": "bold-cd-acloud-repsol-prd-rds-instance",
              "Project": "repsol",
              "Region": "eu-west-1",
              "Repository": "https://bitbucket.org/maraujoda/repsol-repo/src/main/",
              "Team": "ACloud",
              "Unit": "cd"
            },
            "timeouts": null,
            "writer": true
          },
          "sensitive_attributes": [],
          "private": "eyJlMmJmYjczMC1lY2FhLTExZTYtOGY4OC0zNDM2M2JjN2M0YzAiOnsiY3JlYXRlIjo1NDAwMDAwMDAwMDAwLCJkZWxldGUiOjU0MDAwMDAwMDAwMDAsInVwZGF0ZSI6NTQwMDAwMDAwMDAwMH19",
          "dependencies": [
            "module.database.aws_rds_cluster.cluster",
            "module.networking.aws_db_subnet_group.database_subnetgroup",
            "module.networking.aws_subnet.private_subnet",
            "module.networking.aws_vpc.vpc_network"
          ]
        }
      ]
    },
    {
      "module": "module.loadbalancing",
      "mode": "managed",
      "type": "aws_alb_listener",
      "name": "http",
      "provider": "provider[\"registry.terraform.io/hashicorp/aws\"]",
      "instances": [
        {
          "schema_version": 0,
          "attributes": {
            "alpn_policy": null,
            "arn": "arn:aws:elasticloadbalancing:eu-west-1:705301005849:listener/app/bold-cd-acloud-repsol-prd-lb/686f1bf96ad4a6ff/05cb56187e866561",
            "certificate_arn": null,
            "default_action": [
              {
                "authenticate_cognito": [],
                "authenticate_oidc": [],
                "fixed_response": [],
                "forward": [],
                "order": 1,
                "redirect": [],
                "target_group_arn": "arn:aws:elasticloadbalancing:eu-west-1:705301005849:targetgroup/bold-cd-acloud-repsol-prd-tg/591215950070a7cf",
                "type": "forward"
              }
            ],
            "id": "arn:aws:elasticloadbalancing:eu-west-1:705301005849:listener/app/bold-cd-acloud-repsol-prd-lb/686f1bf96ad4a6ff/05cb56187e866561",
            "load_balancer_arn": "arn:aws:elasticloadbalancing:eu-west-1:705301005849:loadbalancer/app/bold-cd-acloud-repsol-prd-lb/686f1bf96ad4a6ff",
            "port": 80,
            "protocol": "HTTP",
            "ssl_policy": "",
            "tags": {
              "Entity": "Bold",
              "Environment": "prd",
              "Name": "bold-cd-acloud-repsol-prd-http",
              "Project": "repsol",
              "Region": "eu-west-1",
              "Repository": "https://bitbucket.org/maraujoda/repsol-repo/src/main/",
              "Team": "ACloud",
              "Unit": "cd"
            },
            "tags_all": {
              "Entity": "Bold",
              "Environment": "prd",
              "Name": "bold-cd-acloud-repsol-prd-http",
              "Project": "repsol",
              "Region": "eu-west-1",
              "Repository": "https://bitbucket.org/maraujoda/repsol-repo/src/main/",
              "Team": "ACloud",
              "Unit": "cd"
            },
            "timeouts": null
          },
          "sensitive_attributes": [],
          "private": "eyJlMmJmYjczMC1lY2FhLTExZTYtOGY4OC0zNDM2M2JjN2M0YzAiOnsicmVhZCI6NjAwMDAwMDAwMDAwfX0=",
          "dependencies": [
            "module.loadbalancing.aws_alb_target_group.targetgroup",
            "module.loadbalancing.aws_lb.loadbalancer",
            "module.loadbalancing.aws_security_group.lb_sg",
            "module.networking.aws_subnet.public_subnet",
            "module.networking.aws_vpc.vpc_network",
            "module.networking.data.aws_availability_zones.available",
            "module.networking.random_shuffle.az_list"
          ]
        }
      ]
    },
    {
      "module": "module.loadbalancing",
      "mode": "managed",
      "type": "aws_alb_target_group",
      "name": "targetgroup",
      "provider": "provider[\"registry.terraform.io/hashicorp/aws\"]",
      "instances": [
        {
          "schema_version": 0,
          "attributes": {
            "arn": "arn:aws:elasticloadbalancing:eu-west-1:705301005849:targetgroup/bold-cd-acloud-repsol-prd-tg/591215950070a7cf",
            "arn_suffix": "targetgroup/bold-cd-acloud-repsol-prd-tg/591215950070a7cf",
            "connection_termination": false,
            "deregistration_delay": "300",
            "health_check": [
              {
                "enabled": true,
                "healthy_threshold": 2,
                "interval": 30,
                "matcher": "200",
                "path": "/",
                "port": "traffic-port",
                "protocol": "HTTP",
                "timeout": 3,
                "unhealthy_threshold": 2
              }
            ],
            "id": "arn:aws:elasticloadbalancing:eu-west-1:705301005849:targetgroup/bold-cd-acloud-repsol-prd-tg/591215950070a7cf",
            "ip_address_type": "ipv4",
            "lambda_multi_value_headers_enabled": false,
            "load_balancing_algorithm_type": "round_robin",
            "load_balancing_cross_zone_enabled": "use_load_balancer_configuration",
            "name": "bold-cd-acloud-repsol-prd-tg",
            "name_prefix": null,
            "port": 80,
            "preserve_client_ip": null,
            "protocol": "HTTP",
            "protocol_version": "HTTP1",
            "proxy_protocol_v2": false,
            "slow_start": 0,
            "stickiness": [
              {
                "cookie_duration": 86400,
                "cookie_name": "",
                "enabled": false,
                "type": "lb_cookie"
              }
            ],
            "tags": {
              "Entity": "Bold",
              "Environment": "prd",
              "Name": "bold-cd-acloud-repsol-prd-tg",
              "Project": "repsol",
              "Region": "eu-west-1",
              "Repository": "https://bitbucket.org/maraujoda/repsol-repo/src/main/",
              "Team": "ACloud",
              "Unit": "cd"
            },
            "tags_all": {
              "Entity": "Bold",
              "Environment": "prd",
              "Name": "bold-cd-acloud-repsol-prd-tg",
              "Project": "repsol",
              "Region": "eu-west-1",
              "Repository": "https://bitbucket.org/maraujoda/repsol-repo/src/main/",
              "Team": "ACloud",
              "Unit": "cd"
            },
            "target_failover": [
              {
                "on_deregistration": null,
                "on_unhealthy": null
              }
            ],
            "target_type": "ip",
            "vpc_id": "vpc-035ca384820a5b3da"
          },
          "sensitive_attributes": [],
          "private": "bnVsbA==",
          "dependencies": [
            "module.networking.aws_vpc.vpc_network"
          ]
        }
      ]
    },
    {
      "module": "module.loadbalancing",
      "mode": "managed",
      "type": "aws_lb",
      "name": "loadbalancer",
      "provider": "provider[\"registry.terraform.io/hashicorp/aws\"]",
      "instances": [
        {
          "schema_version": 0,
          "attributes": {
            "access_logs": [
              {
                "bucket": "",
                "enabled": false,
                "prefix": ""
              }
            ],
            "arn": "arn:aws:elasticloadbalancing:eu-west-1:705301005849:loadbalancer/app/bold-cd-acloud-repsol-prd-lb/686f1bf96ad4a6ff",
            "arn_suffix": "app/bold-cd-acloud-repsol-prd-lb/686f1bf96ad4a6ff",
            "customer_owned_ipv4_pool": "",
            "desync_mitigation_mode": "defensive",
            "dns_name": "bold-cd-acloud-repsol-prd-lb-1739157704.eu-west-1.elb.amazonaws.com",
            "drop_invalid_header_fields": false,
            "enable_cross_zone_load_balancing": true,
            "enable_deletion_protection": false,
            "enable_http2": true,
            "enable_tls_version_and_cipher_suite_headers": false,
            "enable_waf_fail_open": false,
            "enable_xff_client_port": false,
            "id": "arn:aws:elasticloadbalancing:eu-west-1:705301005849:loadbalancer/app/bold-cd-acloud-repsol-prd-lb/686f1bf96ad4a6ff",
            "idle_timeout": 60,
            "internal": false,
            "ip_address_type": "ipv4",
            "load_balancer_type": "application",
            "name": "bold-cd-acloud-repsol-prd-lb",
            "name_prefix": null,
            "preserve_host_header": false,
            "security_groups": [
              "sg-0c51e8c244a8e36e3"
            ],
            "subnet_mapping": [
              {
                "allocation_id": "",
                "ipv6_address": "",
                "outpost_id": "",
                "private_ipv4_address": "",
                "subnet_id": "subnet-014fe8d5c5cbddf16"
              },
              {
                "allocation_id": "",
                "ipv6_address": "",
                "outpost_id": "",
                "private_ipv4_address": "",
                "subnet_id": "subnet-02b0487fb76744b0a"
              },
              {
                "allocation_id": "",
                "ipv6_address": "",
                "outpost_id": "",
                "private_ipv4_address": "",
                "subnet_id": "subnet-0877fe1781a84f415"
              }
            ],
            "subnets": [
              "subnet-014fe8d5c5cbddf16",
              "subnet-02b0487fb76744b0a",
              "subnet-0877fe1781a84f415"
            ],
            "tags": {
              "Entity": "Bold",
              "Environment": "prd",
              "Name": "bold-cd-acloud-repsol-prd-lb",
              "Project": "repsol",
              "Region": "eu-west-1",
              "Repository": "https://bitbucket.org/maraujoda/repsol-repo/src/main/",
              "Team": "ACloud",
              "Unit": "cd"
            },
            "tags_all": {
              "Entity": "Bold",
              "Environment": "prd",
              "Name": "bold-cd-acloud-repsol-prd-lb",
              "Project": "repsol",
              "Region": "eu-west-1",
              "Repository": "https://bitbucket.org/maraujoda/repsol-repo/src/main/",
              "Team": "ACloud",
              "Unit": "cd"
            },
            "timeouts": null,
            "vpc_id": "vpc-035ca384820a5b3da",
            "xff_header_processing_mode": "append",
            "zone_id": "Z32O12XQLNTSW2"
          },
          "sensitive_attributes": [],
          "private": "eyJlMmJmYjczMC1lY2FhLTExZTYtOGY4OC0zNDM2M2JjN2M0YzAiOnsiY3JlYXRlIjo2MDAwMDAwMDAwMDAsImRlbGV0ZSI6NjAwMDAwMDAwMDAwLCJ1cGRhdGUiOjYwMDAwMDAwMDAwMH19",
          "dependencies": [
            "module.loadbalancing.aws_security_group.lb_sg",
            "module.networking.aws_subnet.public_subnet",
            "module.networking.aws_vpc.vpc_network",
            "module.networking.data.aws_availability_zones.available",
            "module.networking.random_shuffle.az_list"
          ]
        }
      ]
    },
    {
      "module": "module.loadbalancing",
      "mode": "managed",
      "type": "aws_security_group",
      "name": "lb_sg",
      "provider": "provider[\"registry.terraform.io/hashicorp/aws\"]",
      "instances": [
        {
          "schema_version": 1,
          "attributes": {
            "arn": "arn:aws:ec2:eu-west-1:705301005849:security-group/sg-0c51e8c244a8e36e3",
            "description": "Security Group for Public Access",
            "egress": [
              {
                "cidr_blocks": [
                  "0.0.0.0/0"
                ],
                "description": "",
                "from_port": 0,
                "ipv6_cidr_blocks": [
                  "::/0"
                ],
                "prefix_list_ids": [],
                "protocol": "-1",
                "security_groups": [],
                "self": false,
                "to_port": 0
              }
            ],
            "id": "sg-0c51e8c244a8e36e3",
            "ingress": [
              {
                "cidr_blocks": [
                  "0.0.0.0/0"
                ],
                "description": "Security Group used to Application",
                "from_port": 80,
                "ipv6_cidr_blocks": [],
                "prefix_list_ids": [],
                "protocol": "tcp",
                "security_groups": [],
                "self": false,
                "to_port": 80
              }
            ],
            "name": "bold-cd-acloud-repsol-prd-lb-sg",
            "name_prefix": "",
            "owner_id": "705301005849",
            "revoke_rules_on_delete": false,
            "tags": {},
            "tags_all": {},
            "timeouts": null,
            "vpc_id": "vpc-035ca384820a5b3da"
          },
          "sensitive_attributes": [],
          "private": "eyJlMmJmYjczMC1lY2FhLTExZTYtOGY4OC0zNDM2M2JjN2M0YzAiOnsiY3JlYXRlIjo2MDAwMDAwMDAwMDAsImRlbGV0ZSI6OTAwMDAwMDAwMDAwfSwic2NoZW1hX3ZlcnNpb24iOiIxIn0=",
          "dependencies": [
            "module.networking.aws_vpc.vpc_network"
          ]
        }
      ]
    },
    {
      "module": "module.networking",
      "mode": "data",
      "type": "aws_availability_zones",
      "name": "available",
      "provider": "provider[\"registry.terraform.io/hashicorp/aws\"]",
      "instances": [
        {
          "schema_version": 0,
          "attributes": {
            "all_availability_zones": null,
            "exclude_names": null,
            "exclude_zone_ids": null,
            "filter": null,
            "group_names": [
              "eu-west-1"
            ],
            "id": "eu-west-1",
            "names": [
              "eu-west-1a",
              "eu-west-1b",
              "eu-west-1c"
            ],
            "state": null,
            "timeouts": null,
            "zone_ids": [
              "euw1-az2",
              "euw1-az3",
              "euw1-az1"
            ]
          },
          "sensitive_attributes": []
        }
      ]
    },
    {
      "module": "module.networking",
      "mode": "managed",
      "type": "aws_db_subnet_group",
      "name": "database_subnetgroup",
      "provider": "provider[\"registry.terraform.io/hashicorp/aws\"]",
      "instances": [
        {
          "index_key": 0,
          "schema_version": 0,
          "attributes": {
            "arn": "arn:aws:rds:eu-west-1:705301005849:subgrp:bold-cd-acloud-repsol-prd-rds-sn",
            "description": "Managed by Terraform",
            "id": "bold-cd-acloud-repsol-prd-rds-sn",
            "name": "bold-cd-acloud-repsol-prd-rds-sn",
            "name_prefix": "",
            "subnet_ids": [
              "subnet-01f37c5915438e8a0",
              "subnet-0b521d695eb980f9b",
              "subnet-0f45cfce28d4363af"
            ],
            "supported_network_types": [
              "IPV4"
            ],
            "tags": {
              "Entity": "Bold",
              "Environment": "prd",
              "Name": "bold-cd-acloud-repsol-prd-rds-sn",
              "Project": "repsol",
              "Region": "eu-west-1",
              "Repository": "https://bitbucket.org/maraujoda/repsol-repo/src/main/",
              "Team": "ACloud",
              "Unit": "cd"
            },
            "tags_all": {
              "Entity": "Bold",
              "Environment": "prd",
              "Name": "bold-cd-acloud-repsol-prd-rds-sn",
              "Project": "repsol",
              "Region": "eu-west-1",
              "Repository": "https://bitbucket.org/maraujoda/repsol-repo/src/main/",
              "Team": "ACloud",
              "Unit": "cd"
            }
          },
          "sensitive_attributes": [],
          "private": "bnVsbA==",
          "dependencies": [
            "module.networking.aws_subnet.private_subnet",
            "module.networking.aws_vpc.vpc_network",
            "module.networking.data.aws_availability_zones.available",
            "module.networking.random_shuffle.az_list"
          ]
        }
      ]
    },
    {
      "module": "module.networking",
      "mode": "managed",
      "type": "aws_eip",
      "name": "elastic_ip",
      "provider": "provider[\"registry.terraform.io/hashicorp/aws\"]",
      "instances": [
        {
          "index_key": 0,
          "schema_version": 0,
          "attributes": {
            "address": null,
            "allocation_id": "eipalloc-0cbcde41d55eb5018",
            "associate_with_private_ip": null,
            "association_id": "eipassoc-0fe57d032ecf1633a",
            "carrier_ip": "",
            "customer_owned_ip": "",
            "customer_owned_ipv4_pool": "",
            "domain": "vpc",
            "id": "eipalloc-0cbcde41d55eb5018",
            "instance": "",
            "network_border_group": "eu-west-1",
            "network_interface": "eni-056d6fd1b15f3ec68",
            "private_dns": "ip-192-168-0-39.eu-west-1.compute.internal",
            "private_ip": "192.168.0.39",
            "public_dns": "ec2-34-255-251-66.eu-west-1.compute.amazonaws.com",
            "public_ip": "34.255.251.66",
            "public_ipv4_pool": "amazon",
            "tags": {
              "Entity": "Bold",
              "Environment": "prd",
              "Name": "bold-cd-acloud-repsol-prd-eip",
              "Project": "repsol",
              "Region": "eu-west-1",
              "Repository": "https://bitbucket.org/maraujoda/repsol-repo/src/main/",
              "Team": "ACloud",
              "Unit": "cd"
            },
            "tags_all": {
              "Entity": "Bold",
              "Environment": "prd",
              "Name": "bold-cd-acloud-repsol-prd-eip",
              "Project": "repsol",
              "Region": "eu-west-1",
              "Repository": "https://bitbucket.org/maraujoda/repsol-repo/src/main/",
              "Team": "ACloud",
              "Unit": "cd"
            },
            "timeouts": null,
            "vpc": true
          },
          "sensitive_attributes": [],
          "private": "eyJlMmJmYjczMC1lY2FhLTExZTYtOGY4OC0zNDM2M2JjN2M0YzAiOnsiZGVsZXRlIjoxODAwMDAwMDAwMDAsInJlYWQiOjkwMDAwMDAwMDAwMCwidXBkYXRlIjozMDAwMDAwMDAwMDB9fQ=="
        },
        {
          "index_key": 1,
          "schema_version": 0,
          "attributes": {
            "address": null,
            "allocation_id": "eipalloc-0890291363b1033a3",
            "associate_with_private_ip": null,
            "association_id": "eipassoc-08153c3c900688746",
            "carrier_ip": "",
            "customer_owned_ip": "",
            "customer_owned_ipv4_pool": "",
            "domain": "vpc",
            "id": "eipalloc-0890291363b1033a3",
            "instance": "",
            "network_border_group": "eu-west-1",
            "network_interface": "eni-000711d6e99a8a091",
            "private_dns": "ip-192-168-0-78.eu-west-1.compute.internal",
            "private_ip": "192.168.0.78",
            "public_dns": "ec2-52-214-1-107.eu-west-1.compute.amazonaws.com",
            "public_ip": "52.214.1.107",
            "public_ipv4_pool": "amazon",
            "tags": {
              "Entity": "Bold",
              "Environment": "prd",
              "Name": "bold-cd-acloud-repsol-prd-eip",
              "Project": "repsol",
              "Region": "eu-west-1",
              "Repository": "https://bitbucket.org/maraujoda/repsol-repo/src/main/",
              "Team": "ACloud",
              "Unit": "cd"
            },
            "tags_all": {
              "Entity": "Bold",
              "Environment": "prd",
              "Name": "bold-cd-acloud-repsol-prd-eip",
              "Project": "repsol",
              "Region": "eu-west-1",
              "Repository": "https://bitbucket.org/maraujoda/repsol-repo/src/main/",
              "Team": "ACloud",
              "Unit": "cd"
            },
            "timeouts": null,
            "vpc": true
          },
          "sensitive_attributes": [],
          "private": "eyJlMmJmYjczMC1lY2FhLTExZTYtOGY4OC0zNDM2M2JjN2M0YzAiOnsiZGVsZXRlIjoxODAwMDAwMDAwMDAsInJlYWQiOjkwMDAwMDAwMDAwMCwidXBkYXRlIjozMDAwMDAwMDAwMDB9fQ=="
        },
        {
          "index_key": 2,
          "schema_version": 0,
          "attributes": {
            "address": null,
            "allocation_id": "eipalloc-0f65f2a1eb4bf2455",
            "associate_with_private_ip": null,
            "association_id": "eipassoc-0b5bcae286f5855e3",
            "carrier_ip": "",
            "customer_owned_ip": "",
            "customer_owned_ipv4_pool": "",
            "domain": "vpc",
            "id": "eipalloc-0f65f2a1eb4bf2455",
            "instance": "",
            "network_border_group": "eu-west-1",
            "network_interface": "eni-0cda3260216fd1fe7",
            "private_dns": "ip-192-168-0-108.eu-west-1.compute.internal",
            "private_ip": "192.168.0.108",
            "public_dns": "ec2-99-80-246-218.eu-west-1.compute.amazonaws.com",
            "public_ip": "99.80.246.218",
            "public_ipv4_pool": "amazon",
            "tags": {
              "Entity": "Bold",
              "Environment": "prd",
              "Name": "bold-cd-acloud-repsol-prd-eip",
              "Project": "repsol",
              "Region": "eu-west-1",
              "Repository": "https://bitbucket.org/maraujoda/repsol-repo/src/main/",
              "Team": "ACloud",
              "Unit": "cd"
            },
            "tags_all": {
              "Entity": "Bold",
              "Environment": "prd",
              "Name": "bold-cd-acloud-repsol-prd-eip",
              "Project": "repsol",
              "Region": "eu-west-1",
              "Repository": "https://bitbucket.org/maraujoda/repsol-repo/src/main/",
              "Team": "ACloud",
              "Unit": "cd"
            },
            "timeouts": null,
            "vpc": true
          },
          "sensitive_attributes": [],
          "private": "eyJlMmJmYjczMC1lY2FhLTExZTYtOGY4OC0zNDM2M2JjN2M0YzAiOnsiZGVsZXRlIjoxODAwMDAwMDAwMDAsInJlYWQiOjkwMDAwMDAwMDAwMCwidXBkYXRlIjozMDAwMDAwMDAwMDB9fQ=="
        }
      ]
    },
    {
      "module": "module.networking",
      "mode": "managed",
      "type": "aws_internet_gateway",
      "name": "internet_gateway",
      "provider": "provider[\"registry.terraform.io/hashicorp/aws\"]",
      "instances": [
        {
          "schema_version": 0,
          "attributes": {
            "arn": "arn:aws:ec2:eu-west-1:705301005849:internet-gateway/igw-0be596d3e7c1e9b53",
            "id": "igw-0be596d3e7c1e9b53",
            "owner_id": "705301005849",
            "tags": {
              "Entity": "Bold",
              "Environment": "prd",
              "Name": "bold-cd-acloud-repsol-prd-igw",
              "Project": "repsol",
              "Region": "eu-west-1",
              "Repository": "https://bitbucket.org/maraujoda/repsol-repo/src/main/",
              "Team": "ACloud",
              "Unit": "cd"
            },
            "tags_all": {
              "Entity": "Bold",
              "Environment": "prd",
              "Name": "bold-cd-acloud-repsol-prd-igw",
              "Project": "repsol",
              "Region": "eu-west-1",
              "Repository": "https://bitbucket.org/maraujoda/repsol-repo/src/main/",
              "Team": "ACloud",
              "Unit": "cd"
            },
            "timeouts": null,
            "vpc_id": "vpc-035ca384820a5b3da"
          },
          "sensitive_attributes": [],
          "private": "eyJlMmJmYjczMC1lY2FhLTExZTYtOGY4OC0zNDM2M2JjN2M0YzAiOnsiY3JlYXRlIjoxMjAwMDAwMDAwMDAwLCJkZWxldGUiOjEyMDAwMDAwMDAwMDAsInVwZGF0ZSI6MTIwMDAwMDAwMDAwMH19",
          "dependencies": [
            "module.networking.aws_vpc.vpc_network"
          ]
        }
      ]
    },
    {
      "module": "module.networking",
      "mode": "managed",
      "type": "aws_nat_gateway",
      "name": "nat_gateway",
      "provider": "provider[\"registry.terraform.io/hashicorp/aws\"]",
      "instances": [
        {
          "index_key": 0,
          "schema_version": 0,
          "attributes": {
            "allocation_id": "eipalloc-0cbcde41d55eb5018",
            "connectivity_type": "public",
            "id": "nat-06066e1ec874f2beb",
            "network_interface_id": "eni-056d6fd1b15f3ec68",
            "private_ip": "192.168.0.39",
            "public_ip": "34.255.251.66",
            "subnet_id": "subnet-0877fe1781a84f415",
            "tags": {
              "Entity": "Bold",
              "Environment": "prd",
              "Name": "bold-cd-acloud-repsol-prd-ngw",
              "Project": "repsol",
              "Region": "eu-west-1",
              "Repository": "https://bitbucket.org/maraujoda/repsol-repo/src/main/",
              "Team": "ACloud",
              "Unit": "cd"
            },
            "tags_all": {
              "Entity": "Bold",
              "Environment": "prd",
              "Name": "bold-cd-acloud-repsol-prd-ngw",
              "Project": "repsol",
              "Region": "eu-west-1",
              "Repository": "https://bitbucket.org/maraujoda/repsol-repo/src/main/",
              "Team": "ACloud",
              "Unit": "cd"
            }
          },
          "sensitive_attributes": [],
          "private": "bnVsbA==",
          "dependencies": [
            "module.networking.aws_eip.elastic_ip",
            "module.networking.aws_internet_gateway.internet_gateway",
            "module.networking.aws_subnet.public_subnet",
            "module.networking.aws_vpc.vpc_network",
            "module.networking.data.aws_availability_zones.available",
            "module.networking.random_shuffle.az_list"
          ]
        },
        {
          "index_key": 1,
          "schema_version": 0,
          "attributes": {
            "allocation_id": "eipalloc-0890291363b1033a3",
            "connectivity_type": "public",
            "id": "nat-0f8035d27fa9d2d55",
            "network_interface_id": "eni-000711d6e99a8a091",
            "private_ip": "192.168.0.78",
            "public_ip": "52.214.1.107",
            "subnet_id": "subnet-02b0487fb76744b0a",
            "tags": {
              "Entity": "Bold",
              "Environment": "prd",
              "Name": "bold-cd-acloud-repsol-prd-ngw",
              "Project": "repsol",
              "Region": "eu-west-1",
              "Repository": "https://bitbucket.org/maraujoda/repsol-repo/src/main/",
              "Team": "ACloud",
              "Unit": "cd"
            },
            "tags_all": {
              "Entity": "Bold",
              "Environment": "prd",
              "Name": "bold-cd-acloud-repsol-prd-ngw",
              "Project": "repsol",
              "Region": "eu-west-1",
              "Repository": "https://bitbucket.org/maraujoda/repsol-repo/src/main/",
              "Team": "ACloud",
              "Unit": "cd"
            }
          },
          "sensitive_attributes": [],
          "private": "bnVsbA==",
          "dependencies": [
            "module.networking.aws_eip.elastic_ip",
            "module.networking.aws_internet_gateway.internet_gateway",
            "module.networking.aws_subnet.public_subnet",
            "module.networking.aws_vpc.vpc_network",
            "module.networking.data.aws_availability_zones.available",
            "module.networking.random_shuffle.az_list"
          ]
        },
        {
          "index_key": 2,
          "schema_version": 0,
          "attributes": {
            "allocation_id": "eipalloc-0f65f2a1eb4bf2455",
            "connectivity_type": "public",
            "id": "nat-072796b4a69729cb4",
            "network_interface_id": "eni-0cda3260216fd1fe7",
            "private_ip": "192.168.0.108",
            "public_ip": "99.80.246.218",
            "subnet_id": "subnet-014fe8d5c5cbddf16",
            "tags": {
              "Entity": "Bold",
              "Environment": "prd",
              "Name": "bold-cd-acloud-repsol-prd-ngw",
              "Project": "repsol",
              "Region": "eu-west-1",
              "Repository": "https://bitbucket.org/maraujoda/repsol-repo/src/main/",
              "Team": "ACloud",
              "Unit": "cd"
            },
            "tags_all": {
              "Entity": "Bold",
              "Environment": "prd",
              "Name": "bold-cd-acloud-repsol-prd-ngw",
              "Project": "repsol",
              "Region": "eu-west-1",
              "Repository": "https://bitbucket.org/maraujoda/repsol-repo/src/main/",
              "Team": "ACloud",
              "Unit": "cd"
            }
          },
          "sensitive_attributes": [],
          "private": "bnVsbA==",
          "dependencies": [
            "module.networking.aws_eip.elastic_ip",
            "module.networking.aws_internet_gateway.internet_gateway",
            "module.networking.aws_subnet.public_subnet",
            "module.networking.aws_vpc.vpc_network",
            "module.networking.data.aws_availability_zones.available",
            "module.networking.random_shuffle.az_list"
          ]
        }
      ]
    },
    {
      "module": "module.networking",
      "mode": "managed",
      "type": "aws_route",
      "name": "private_route",
      "provider": "provider[\"registry.terraform.io/hashicorp/aws\"]",
      "instances": [
        {
          "index_key": 0,
          "schema_version": 0,
          "attributes": {
            "carrier_gateway_id": "",
            "core_network_arn": "",
            "destination_cidr_block": "0.0.0.0/0",
            "destination_ipv6_cidr_block": "",
            "destination_prefix_list_id": "",
            "egress_only_gateway_id": "",
            "gateway_id": "",
            "id": "r-rtb-0326775684ca725d31080289494",
            "instance_id": "",
            "instance_owner_id": "",
            "local_gateway_id": "",
            "nat_gateway_id": "nat-06066e1ec874f2beb",
            "network_interface_id": "",
            "origin": "CreateRoute",
            "route_table_id": "rtb-0326775684ca725d3",
            "state": "active",
            "timeouts": null,
            "transit_gateway_id": "",
            "vpc_endpoint_id": "",
            "vpc_peering_connection_id": ""
          },
          "sensitive_attributes": [],
          "private": "eyJlMmJmYjczMC1lY2FhLTExZTYtOGY4OC0zNDM2M2JjN2M0YzAiOnsiY3JlYXRlIjozMDAwMDAwMDAwMDAsImRlbGV0ZSI6MzAwMDAwMDAwMDAwLCJ1cGRhdGUiOjEyMDAwMDAwMDAwMH19",
          "dependencies": [
            "module.networking.aws_eip.elastic_ip",
            "module.networking.aws_internet_gateway.internet_gateway",
            "module.networking.aws_nat_gateway.nat_gateway",
            "module.networking.aws_route_table.route_table_private",
            "module.networking.aws_subnet.public_subnet",
            "module.networking.aws_vpc.vpc_network",
            "module.networking.data.aws_availability_zones.available",
            "module.networking.random_shuffle.az_list"
          ]
        },
        {
          "index_key": 1,
          "schema_version": 0,
          "attributes": {
            "carrier_gateway_id": "",
            "core_network_arn": "",
            "destination_cidr_block": "0.0.0.0/0",
            "destination_ipv6_cidr_block": "",
            "destination_prefix_list_id": "",
            "egress_only_gateway_id": "",
            "gateway_id": "",
            "id": "r-rtb-0b37da1a193917fdc1080289494",
            "instance_id": "",
            "instance_owner_id": "",
            "local_gateway_id": "",
            "nat_gateway_id": "nat-0f8035d27fa9d2d55",
            "network_interface_id": "",
            "origin": "CreateRoute",
            "route_table_id": "rtb-0b37da1a193917fdc",
            "state": "active",
            "timeouts": null,
            "transit_gateway_id": "",
            "vpc_endpoint_id": "",
            "vpc_peering_connection_id": ""
          },
          "sensitive_attributes": [],
          "private": "eyJlMmJmYjczMC1lY2FhLTExZTYtOGY4OC0zNDM2M2JjN2M0YzAiOnsiY3JlYXRlIjozMDAwMDAwMDAwMDAsImRlbGV0ZSI6MzAwMDAwMDAwMDAwLCJ1cGRhdGUiOjEyMDAwMDAwMDAwMH19",
          "dependencies": [
            "module.networking.aws_eip.elastic_ip",
            "module.networking.aws_internet_gateway.internet_gateway",
            "module.networking.aws_nat_gateway.nat_gateway",
            "module.networking.aws_route_table.route_table_private",
            "module.networking.aws_subnet.public_subnet",
            "module.networking.aws_vpc.vpc_network",
            "module.networking.data.aws_availability_zones.available",
            "module.networking.random_shuffle.az_list"
          ]
        },
        {
          "index_key": 2,
          "schema_version": 0,
          "attributes": {
            "carrier_gateway_id": "",
            "core_network_arn": "",
            "destination_cidr_block": "0.0.0.0/0",
            "destination_ipv6_cidr_block": "",
            "destination_prefix_list_id": "",
            "egress_only_gateway_id": "",
            "gateway_id": "",
            "id": "r-rtb-086cfc1b53092388e1080289494",
            "instance_id": "",
            "instance_owner_id": "",
            "local_gateway_id": "",
            "nat_gateway_id": "nat-072796b4a69729cb4",
            "network_interface_id": "",
            "origin": "CreateRoute",
            "route_table_id": "rtb-086cfc1b53092388e",
            "state": "active",
            "timeouts": null,
            "transit_gateway_id": "",
            "vpc_endpoint_id": "",
            "vpc_peering_connection_id": ""
          },
          "sensitive_attributes": [],
          "private": "eyJlMmJmYjczMC1lY2FhLTExZTYtOGY4OC0zNDM2M2JjN2M0YzAiOnsiY3JlYXRlIjozMDAwMDAwMDAwMDAsImRlbGV0ZSI6MzAwMDAwMDAwMDAwLCJ1cGRhdGUiOjEyMDAwMDAwMDAwMH19",
          "dependencies": [
            "module.networking.aws_eip.elastic_ip",
            "module.networking.aws_internet_gateway.internet_gateway",
            "module.networking.aws_nat_gateway.nat_gateway",
            "module.networking.aws_route_table.route_table_private",
            "module.networking.aws_subnet.public_subnet",
            "module.networking.aws_vpc.vpc_network",
            "module.networking.data.aws_availability_zones.available",
            "module.networking.random_shuffle.az_list"
          ]
        }
      ]
    },
    {
      "module": "module.networking",
      "mode": "managed",
      "type": "aws_route",
      "name": "public_route",
      "provider": "provider[\"registry.terraform.io/hashicorp/aws\"]",
      "instances": [
        {
          "schema_version": 0,
          "attributes": {
            "carrier_gateway_id": "",
            "core_network_arn": "",
            "destination_cidr_block": "0.0.0.0/0",
            "destination_ipv6_cidr_block": "",
            "destination_prefix_list_id": "",
            "egress_only_gateway_id": "",
            "gateway_id": "igw-0be596d3e7c1e9b53",
            "id": "r-rtb-02bbdc96ee0afc2381080289494",
            "instance_id": "",
            "instance_owner_id": "",
            "local_gateway_id": "",
            "nat_gateway_id": "",
            "network_interface_id": "",
            "origin": "CreateRoute",
            "route_table_id": "rtb-02bbdc96ee0afc238",
            "state": "active",
            "timeouts": null,
            "transit_gateway_id": "",
            "vpc_endpoint_id": "",
            "vpc_peering_connection_id": ""
          },
          "sensitive_attributes": [],
          "private": "eyJlMmJmYjczMC1lY2FhLTExZTYtOGY4OC0zNDM2M2JjN2M0YzAiOnsiY3JlYXRlIjozMDAwMDAwMDAwMDAsImRlbGV0ZSI6MzAwMDAwMDAwMDAwLCJ1cGRhdGUiOjEyMDAwMDAwMDAwMH19",
          "dependencies": [
            "module.networking.aws_internet_gateway.internet_gateway",
            "module.networking.aws_vpc.vpc_network"
          ]
        }
      ]
    },
    {
      "module": "module.networking",
      "mode": "managed",
      "type": "aws_route_table",
      "name": "route_table_private",
      "provider": "provider[\"registry.terraform.io/hashicorp/aws\"]",
      "instances": [
        {
          "index_key": 0,
          "schema_version": 0,
          "attributes": {
            "arn": "arn:aws:ec2:eu-west-1:705301005849:route-table/rtb-0326775684ca725d3",
            "id": "rtb-0326775684ca725d3",
            "owner_id": "705301005849",
            "propagating_vgws": [],
            "route": [
              {
                "carrier_gateway_id": "",
                "cidr_block": "0.0.0.0/0",
                "core_network_arn": "",
                "destination_prefix_list_id": "",
                "egress_only_gateway_id": "",
                "gateway_id": "",
                "instance_id": "",
                "ipv6_cidr_block": "",
                "local_gateway_id": "",
                "nat_gateway_id": "nat-06066e1ec874f2beb",
                "network_interface_id": "",
                "transit_gateway_id": "",
                "vpc_endpoint_id": "",
                "vpc_peering_connection_id": ""
              }
            ],
            "tags": {
              "Entity": "Bold",
              "Environment": "prd",
              "Name": "bold-cd-acloud-repsol-private-prd-rt",
              "Project": "repsol",
              "Region": "eu-west-1",
              "Repository": "https://bitbucket.org/maraujoda/repsol-repo/src/main/",
              "Team": "ACloud",
              "Unit": "cd"
            },
            "tags_all": {
              "Entity": "Bold",
              "Environment": "prd",
              "Name": "bold-cd-acloud-repsol-private-prd-rt",
              "Project": "repsol",
              "Region": "eu-west-1",
              "Repository": "https://bitbucket.org/maraujoda/repsol-repo/src/main/",
              "Team": "ACloud",
              "Unit": "cd"
            },
            "timeouts": null,
            "vpc_id": "vpc-035ca384820a5b3da"
          },
          "sensitive_attributes": [],
          "private": "eyJlMmJmYjczMC1lY2FhLTExZTYtOGY4OC0zNDM2M2JjN2M0YzAiOnsiY3JlYXRlIjozMDAwMDAwMDAwMDAsImRlbGV0ZSI6MzAwMDAwMDAwMDAwLCJ1cGRhdGUiOjEyMDAwMDAwMDAwMH19",
          "dependencies": [
            "module.networking.aws_vpc.vpc_network"
          ]
        },
        {
          "index_key": 1,
          "schema_version": 0,
          "attributes": {
            "arn": "arn:aws:ec2:eu-west-1:705301005849:route-table/rtb-0b37da1a193917fdc",
            "id": "rtb-0b37da1a193917fdc",
            "owner_id": "705301005849",
            "propagating_vgws": [],
            "route": [
              {
                "carrier_gateway_id": "",
                "cidr_block": "0.0.0.0/0",
                "core_network_arn": "",
                "destination_prefix_list_id": "",
                "egress_only_gateway_id": "",
                "gateway_id": "",
                "instance_id": "",
                "ipv6_cidr_block": "",
                "local_gateway_id": "",
                "nat_gateway_id": "nat-0f8035d27fa9d2d55",
                "network_interface_id": "",
                "transit_gateway_id": "",
                "vpc_endpoint_id": "",
                "vpc_peering_connection_id": ""
              }
            ],
            "tags": {
              "Entity": "Bold",
              "Environment": "prd",
              "Name": "bold-cd-acloud-repsol-private-prd-rt",
              "Project": "repsol",
              "Region": "eu-west-1",
              "Repository": "https://bitbucket.org/maraujoda/repsol-repo/src/main/",
              "Team": "ACloud",
              "Unit": "cd"
            },
            "tags_all": {
              "Entity": "Bold",
              "Environment": "prd",
              "Name": "bold-cd-acloud-repsol-private-prd-rt",
              "Project": "repsol",
              "Region": "eu-west-1",
              "Repository": "https://bitbucket.org/maraujoda/repsol-repo/src/main/",
              "Team": "ACloud",
              "Unit": "cd"
            },
            "timeouts": null,
            "vpc_id": "vpc-035ca384820a5b3da"
          },
          "sensitive_attributes": [],
          "private": "eyJlMmJmYjczMC1lY2FhLTExZTYtOGY4OC0zNDM2M2JjN2M0YzAiOnsiY3JlYXRlIjozMDAwMDAwMDAwMDAsImRlbGV0ZSI6MzAwMDAwMDAwMDAwLCJ1cGRhdGUiOjEyMDAwMDAwMDAwMH19",
          "dependencies": [
            "module.networking.aws_vpc.vpc_network"
          ]
        },
        {
          "index_key": 2,
          "schema_version": 0,
          "attributes": {
            "arn": "arn:aws:ec2:eu-west-1:705301005849:route-table/rtb-086cfc1b53092388e",
            "id": "rtb-086cfc1b53092388e",
            "owner_id": "705301005849",
            "propagating_vgws": [],
            "route": [
              {
                "carrier_gateway_id": "",
                "cidr_block": "0.0.0.0/0",
                "core_network_arn": "",
                "destination_prefix_list_id": "",
                "egress_only_gateway_id": "",
                "gateway_id": "",
                "instance_id": "",
                "ipv6_cidr_block": "",
                "local_gateway_id": "",
                "nat_gateway_id": "nat-072796b4a69729cb4",
                "network_interface_id": "",
                "transit_gateway_id": "",
                "vpc_endpoint_id": "",
                "vpc_peering_connection_id": ""
              }
            ],
            "tags": {
              "Entity": "Bold",
              "Environment": "prd",
              "Name": "bold-cd-acloud-repsol-private-prd-rt",
              "Project": "repsol",
              "Region": "eu-west-1",
              "Repository": "https://bitbucket.org/maraujoda/repsol-repo/src/main/",
              "Team": "ACloud",
              "Unit": "cd"
            },
            "tags_all": {
              "Entity": "Bold",
              "Environment": "prd",
              "Name": "bold-cd-acloud-repsol-private-prd-rt",
              "Project": "repsol",
              "Region": "eu-west-1",
              "Repository": "https://bitbucket.org/maraujoda/repsol-repo/src/main/",
              "Team": "ACloud",
              "Unit": "cd"
            },
            "timeouts": null,
            "vpc_id": "vpc-035ca384820a5b3da"
          },
          "sensitive_attributes": [],
          "private": "eyJlMmJmYjczMC1lY2FhLTExZTYtOGY4OC0zNDM2M2JjN2M0YzAiOnsiY3JlYXRlIjozMDAwMDAwMDAwMDAsImRlbGV0ZSI6MzAwMDAwMDAwMDAwLCJ1cGRhdGUiOjEyMDAwMDAwMDAwMH19",
          "dependencies": [
            "module.networking.aws_vpc.vpc_network"
          ]
        }
      ]
    },
    {
      "module": "module.networking",
      "mode": "managed",
      "type": "aws_route_table",
      "name": "route_table_public",
      "provider": "provider[\"registry.terraform.io/hashicorp/aws\"]",
      "instances": [
        {
          "schema_version": 0,
          "attributes": {
            "arn": "arn:aws:ec2:eu-west-1:705301005849:route-table/rtb-093a158e2f454b26c",
            "id": "rtb-093a158e2f454b26c",
            "owner_id": "705301005849",
            "propagating_vgws": [],
            "route": [
              {
                "carrier_gateway_id": "",
                "cidr_block": "0.0.0.0/0",
                "core_network_arn": "",
                "destination_prefix_list_id": "",
                "egress_only_gateway_id": "",
                "gateway_id": "igw-0be596d3e7c1e9b53",
                "instance_id": "",
                "ipv6_cidr_block": "",
                "local_gateway_id": "",
                "nat_gateway_id": "",
                "network_interface_id": "",
                "transit_gateway_id": "",
                "vpc_endpoint_id": "",
                "vpc_peering_connection_id": ""
              }
            ],
            "tags": {
              "Entity": "Bold",
              "Environment": "prd",
              "Name": "bold-cd-acloud-repsol-public-prd-rt",
              "Project": "repsol",
              "Region": "eu-west-1",
              "Repository": "https://bitbucket.org/maraujoda/repsol-repo/src/main/",
              "Team": "ACloud",
              "Unit": "cd"
            },
            "tags_all": {
              "Entity": "Bold",
              "Environment": "prd",
              "Name": "bold-cd-acloud-repsol-public-prd-rt",
              "Project": "repsol",
              "Region": "eu-west-1",
              "Repository": "https://bitbucket.org/maraujoda/repsol-repo/src/main/",
              "Team": "ACloud",
              "Unit": "cd"
            },
            "timeouts": null,
            "vpc_id": "vpc-035ca384820a5b3da"
          },
          "sensitive_attributes": [],
          "private": "eyJlMmJmYjczMC1lY2FhLTExZTYtOGY4OC0zNDM2M2JjN2M0YzAiOnsiY3JlYXRlIjozMDAwMDAwMDAwMDAsImRlbGV0ZSI6MzAwMDAwMDAwMDAwLCJ1cGRhdGUiOjEyMDAwMDAwMDAwMH19",
          "dependencies": [
            "module.networking.aws_internet_gateway.internet_gateway",
            "module.networking.aws_vpc.vpc_network"
          ]
        }
      ]
    },
    {
      "module": "module.networking",
      "mode": "managed",
      "type": "aws_route_table_association",
      "name": "route_table_private_association",
      "provider": "provider[\"registry.terraform.io/hashicorp/aws\"]",
      "instances": [
        {
          "index_key": 0,
          "schema_version": 0,
          "attributes": {
            "gateway_id": "",
            "id": "rtbassoc-04bac091de435312e",
            "route_table_id": "rtb-0326775684ca725d3",
            "subnet_id": "subnet-01f37c5915438e8a0"
          },
          "sensitive_attributes": [],
          "private": "bnVsbA==",
          "dependencies": [
            "module.networking.aws_route_table.route_table_private",
            "module.networking.aws_subnet.private_subnet",
            "module.networking.aws_vpc.vpc_network",
            "module.networking.data.aws_availability_zones.available",
            "module.networking.random_shuffle.az_list"
          ]
        },
        {
          "index_key": 1,
          "schema_version": 0,
          "attributes": {
            "gateway_id": "",
            "id": "rtbassoc-020e2e7e27b35ba89",
            "route_table_id": "rtb-0b37da1a193917fdc",
            "subnet_id": "subnet-0f45cfce28d4363af"
          },
          "sensitive_attributes": [],
          "private": "bnVsbA==",
          "dependencies": [
            "module.networking.aws_route_table.route_table_private",
            "module.networking.aws_subnet.private_subnet",
            "module.networking.aws_vpc.vpc_network",
            "module.networking.data.aws_availability_zones.available",
            "module.networking.random_shuffle.az_list"
          ]
        },
        {
          "index_key": 2,
          "schema_version": 0,
          "attributes": {
            "gateway_id": "",
            "id": "rtbassoc-0483a3cdc6b906864",
            "route_table_id": "rtb-086cfc1b53092388e",
            "subnet_id": "subnet-0b521d695eb980f9b"
          },
          "sensitive_attributes": [],
          "private": "bnVsbA==",
          "dependencies": [
            "module.networking.aws_route_table.route_table_private",
            "module.networking.aws_subnet.private_subnet",
            "module.networking.aws_vpc.vpc_network",
            "module.networking.data.aws_availability_zones.available",
            "module.networking.random_shuffle.az_list"
          ]
        }
      ]
    },
    {
      "module": "module.networking",
      "mode": "managed",
      "type": "aws_route_table_association",
      "name": "route_table_public_association",
      "provider": "provider[\"registry.terraform.io/hashicorp/aws\"]",
      "instances": [
        {
          "index_key": 0,
          "schema_version": 0,
          "attributes": {
            "gateway_id": "",
            "id": "rtbassoc-09a741ca76655d637",
            "route_table_id": "rtb-093a158e2f454b26c",
            "subnet_id": "subnet-0877fe1781a84f415"
          },
          "sensitive_attributes": [],
          "private": "bnVsbA==",
          "dependencies": [
            "module.networking.aws_internet_gateway.internet_gateway",
            "module.networking.aws_route_table.route_table_public",
            "module.networking.aws_subnet.public_subnet",
            "module.networking.aws_vpc.vpc_network",
            "module.networking.data.aws_availability_zones.available",
            "module.networking.random_shuffle.az_list"
          ]
        },
        {
          "index_key": 1,
          "schema_version": 0,
          "attributes": {
            "gateway_id": "",
            "id": "rtbassoc-07d71de20f640f4d3",
            "route_table_id": "rtb-093a158e2f454b26c",
            "subnet_id": "subnet-02b0487fb76744b0a"
          },
          "sensitive_attributes": [],
          "private": "bnVsbA==",
          "dependencies": [
            "module.networking.aws_internet_gateway.internet_gateway",
            "module.networking.aws_route_table.route_table_public",
            "module.networking.aws_subnet.public_subnet",
            "module.networking.aws_vpc.vpc_network",
            "module.networking.data.aws_availability_zones.available",
            "module.networking.random_shuffle.az_list"
          ]
        },
        {
          "index_key": 2,
          "schema_version": 0,
          "attributes": {
            "gateway_id": "",
            "id": "rtbassoc-0b7dd6f05202194ee",
            "route_table_id": "rtb-093a158e2f454b26c",
            "subnet_id": "subnet-014fe8d5c5cbddf16"
          },
          "sensitive_attributes": [],
          "private": "bnVsbA==",
          "dependencies": [
            "module.networking.aws_internet_gateway.internet_gateway",
            "module.networking.aws_route_table.route_table_public",
            "module.networking.aws_subnet.public_subnet",
            "module.networking.aws_vpc.vpc_network",
            "module.networking.data.aws_availability_zones.available",
            "module.networking.random_shuffle.az_list"
          ]
        }
      ]
    },
    {
      "module": "module.networking",
      "mode": "managed",
      "type": "aws_security_group",
      "name": "security_group",
      "provider": "provider[\"registry.terraform.io/hashicorp/aws\"]",
      "instances": [
        {
          "index_key": "public",
          "schema_version": 1,
          "attributes": {
            "arn": "arn:aws:ec2:eu-west-1:705301005849:security-group/sg-060223ba662c5955b",
            "description": "Security Group for Public Access",
            "egress": [
              {
                "cidr_blocks": [
                  "0.0.0.0/0"
                ],
                "description": "",
                "from_port": 0,
                "ipv6_cidr_blocks": [],
                "prefix_list_ids": [],
                "protocol": "-1",
                "security_groups": [],
                "self": false,
                "to_port": 0
              }
            ],
            "id": "sg-060223ba662c5955b",
            "ingress": [
              {
                "cidr_blocks": [
                  "0.0.0.0/0"
                ],
                "description": "",
                "from_port": 443,
                "ipv6_cidr_blocks": [],
                "prefix_list_ids": [],
                "protocol": "tcp",
                "security_groups": [],
                "self": false,
                "to_port": 443
              },
              {
                "cidr_blocks": [
                  "0.0.0.0/0"
                ],
                "description": "",
                "from_port": 80,
                "ipv6_cidr_blocks": [],
                "prefix_list_ids": [],
                "protocol": "tcp",
                "security_groups": [],
                "self": false,
                "to_port": 80
              }
            ],
            "name": "bold-cd-acloud-repsol-prd-alb-sg",
            "name_prefix": "",
            "owner_id": "705301005849",
            "revoke_rules_on_delete": false,
            "tags": {},
            "tags_all": {},
            "timeouts": null,
            "vpc_id": "vpc-035ca384820a5b3da"
          },
          "sensitive_attributes": [],
          "private": "eyJlMmJmYjczMC1lY2FhLTExZTYtOGY4OC0zNDM2M2JjN2M0YzAiOnsiY3JlYXRlIjo2MDAwMDAwMDAwMDAsImRlbGV0ZSI6OTAwMDAwMDAwMDAwfSwic2NoZW1hX3ZlcnNpb24iOiIxIn0=",
          "dependencies": [
            "module.networking.aws_vpc.vpc_network"
          ]
        },
        {
          "index_key": "rds",
          "schema_version": 1,
          "attributes": {
            "arn": "arn:aws:ec2:eu-west-1:705301005849:security-group/sg-082a02646b5f7a280",
            "description": "Security Group for RDS Aurora Access",
            "egress": [
              {
                "cidr_blocks": [
                  "0.0.0.0/0"
                ],
                "description": "",
                "from_port": 0,
                "ipv6_cidr_blocks": [],
                "prefix_list_ids": [],
                "protocol": "-1",
                "security_groups": [],
                "self": false,
                "to_port": 0
              }
            ],
            "id": "sg-082a02646b5f7a280",
            "ingress": [
              {
                "cidr_blocks": [
                  "192.168.0.0/20"
                ],
                "description": "",
                "from_port": 3306,
                "ipv6_cidr_blocks": [],
                "prefix_list_ids": [],
                "protocol": "tcp",
                "security_groups": [],
                "self": false,
                "to_port": 3306
              }
            ],
            "name": "bold-cd-acloud-repsol-prd-rds-sg",
            "name_prefix": "",
            "owner_id": "705301005849",
            "revoke_rules_on_delete": false,
            "tags": {},
            "tags_all": {},
            "timeouts": null,
            "vpc_id": "vpc-035ca384820a5b3da"
          },
          "sensitive_attributes": [],
          "private": "eyJlMmJmYjczMC1lY2FhLTExZTYtOGY4OC0zNDM2M2JjN2M0YzAiOnsiY3JlYXRlIjo2MDAwMDAwMDAwMDAsImRlbGV0ZSI6OTAwMDAwMDAwMDAwfSwic2NoZW1hX3ZlcnNpb24iOiIxIn0=",
          "dependencies": [
            "module.networking.aws_vpc.vpc_network"
          ]
        }
      ]
    },
    {
      "module": "module.networking",
      "mode": "managed",
      "type": "aws_subnet",
      "name": "private_subnet",
      "provider": "provider[\"registry.terraform.io/hashicorp/aws\"]",
      "instances": [
        {
          "index_key": 0,
          "schema_version": 1,
          "attributes": {
            "arn": "arn:aws:ec2:eu-west-1:705301005849:subnet/subnet-01f37c5915438e8a0",
            "assign_ipv6_address_on_creation": false,
            "availability_zone": "eu-west-1b",
            "availability_zone_id": "euw1-az3",
            "cidr_block": "192.168.0.16/28",
            "customer_owned_ipv4_pool": "",
            "enable_dns64": false,
            "enable_resource_name_dns_a_record_on_launch": false,
            "enable_resource_name_dns_aaaa_record_on_launch": false,
            "id": "subnet-01f37c5915438e8a0",
            "ipv6_cidr_block": "",
            "ipv6_cidr_block_association_id": "",
            "ipv6_native": false,
            "map_customer_owned_ip_on_launch": false,
            "map_public_ip_on_launch": false,
            "outpost_arn": "",
            "owner_id": "705301005849",
            "private_dns_hostname_type_on_launch": "ip-name",
            "tags": {
              "Entity": "Bold",
              "Environment": "prd",
              "Name": "bold-cd-acloud-repsol-private-prd-snet",
              "Project": "repsol",
              "Region": "eu-west-1",
              "Repository": "https://bitbucket.org/maraujoda/repsol-repo/src/main/",
              "Team": "ACloud",
              "Unit": "cd"
            },
            "tags_all": {
              "Entity": "Bold",
              "Environment": "prd",
              "Name": "bold-cd-acloud-repsol-private-prd-snet",
              "Project": "repsol",
              "Region": "eu-west-1",
              "Repository": "https://bitbucket.org/maraujoda/repsol-repo/src/main/",
              "Team": "ACloud",
              "Unit": "cd"
            },
            "timeouts": null,
            "vpc_id": "vpc-035ca384820a5b3da"
          },
          "sensitive_attributes": [],
          "private": "eyJlMmJmYjczMC1lY2FhLTExZTYtOGY4OC0zNDM2M2JjN2M0YzAiOnsiY3JlYXRlIjo2MDAwMDAwMDAwMDAsImRlbGV0ZSI6MTIwMDAwMDAwMDAwMH0sInNjaGVtYV92ZXJzaW9uIjoiMSJ9",
          "dependencies": [
            "module.networking.aws_vpc.vpc_network",
            "module.networking.data.aws_availability_zones.available",
            "module.networking.random_shuffle.az_list"
          ]
        },
        {
          "index_key": 1,
          "schema_version": 1,
          "attributes": {
            "arn": "arn:aws:ec2:eu-west-1:705301005849:subnet/subnet-0f45cfce28d4363af",
            "assign_ipv6_address_on_creation": false,
            "availability_zone": "eu-west-1a",
            "availability_zone_id": "euw1-az2",
            "cidr_block": "192.168.0.48/28",
            "customer_owned_ipv4_pool": "",
            "enable_dns64": false,
            "enable_resource_name_dns_a_record_on_launch": false,
            "enable_resource_name_dns_aaaa_record_on_launch": false,
            "id": "subnet-0f45cfce28d4363af",
            "ipv6_cidr_block": "",
            "ipv6_cidr_block_association_id": "",
            "ipv6_native": false,
            "map_customer_owned_ip_on_launch": false,
            "map_public_ip_on_launch": false,
            "outpost_arn": "",
            "owner_id": "705301005849",
            "private_dns_hostname_type_on_launch": "ip-name",
            "tags": {
              "Entity": "Bold",
              "Environment": "prd",
              "Name": "bold-cd-acloud-repsol-private-prd-snet",
              "Project": "repsol",
              "Region": "eu-west-1",
              "Repository": "https://bitbucket.org/maraujoda/repsol-repo/src/main/",
              "Team": "ACloud",
              "Unit": "cd"
            },
            "tags_all": {
              "Entity": "Bold",
              "Environment": "prd",
              "Name": "bold-cd-acloud-repsol-private-prd-snet",
              "Project": "repsol",
              "Region": "eu-west-1",
              "Repository": "https://bitbucket.org/maraujoda/repsol-repo/src/main/",
              "Team": "ACloud",
              "Unit": "cd"
            },
            "timeouts": null,
            "vpc_id": "vpc-035ca384820a5b3da"
          },
          "sensitive_attributes": [],
          "private": "eyJlMmJmYjczMC1lY2FhLTExZTYtOGY4OC0zNDM2M2JjN2M0YzAiOnsiY3JlYXRlIjo2MDAwMDAwMDAwMDAsImRlbGV0ZSI6MTIwMDAwMDAwMDAwMH0sInNjaGVtYV92ZXJzaW9uIjoiMSJ9",
          "dependencies": [
            "module.networking.aws_vpc.vpc_network",
            "module.networking.data.aws_availability_zones.available",
            "module.networking.random_shuffle.az_list"
          ]
        },
        {
          "index_key": 2,
          "schema_version": 1,
          "attributes": {
            "arn": "arn:aws:ec2:eu-west-1:705301005849:subnet/subnet-0b521d695eb980f9b",
            "assign_ipv6_address_on_creation": false,
            "availability_zone": "eu-west-1c",
            "availability_zone_id": "euw1-az1",
            "cidr_block": "192.168.0.80/28",
            "customer_owned_ipv4_pool": "",
            "enable_dns64": false,
            "enable_resource_name_dns_a_record_on_launch": false,
            "enable_resource_name_dns_aaaa_record_on_launch": false,
            "id": "subnet-0b521d695eb980f9b",
            "ipv6_cidr_block": "",
            "ipv6_cidr_block_association_id": "",
            "ipv6_native": false,
            "map_customer_owned_ip_on_launch": false,
            "map_public_ip_on_launch": false,
            "outpost_arn": "",
            "owner_id": "705301005849",
            "private_dns_hostname_type_on_launch": "ip-name",
            "tags": {
              "Entity": "Bold",
              "Environment": "prd",
              "Name": "bold-cd-acloud-repsol-private-prd-snet",
              "Project": "repsol",
              "Region": "eu-west-1",
              "Repository": "https://bitbucket.org/maraujoda/repsol-repo/src/main/",
              "Team": "ACloud",
              "Unit": "cd"
            },
            "tags_all": {
              "Entity": "Bold",
              "Environment": "prd",
              "Name": "bold-cd-acloud-repsol-private-prd-snet",
              "Project": "repsol",
              "Region": "eu-west-1",
              "Repository": "https://bitbucket.org/maraujoda/repsol-repo/src/main/",
              "Team": "ACloud",
              "Unit": "cd"
            },
            "timeouts": null,
            "vpc_id": "vpc-035ca384820a5b3da"
          },
          "sensitive_attributes": [],
          "private": "eyJlMmJmYjczMC1lY2FhLTExZTYtOGY4OC0zNDM2M2JjN2M0YzAiOnsiY3JlYXRlIjo2MDAwMDAwMDAwMDAsImRlbGV0ZSI6MTIwMDAwMDAwMDAwMH0sInNjaGVtYV92ZXJzaW9uIjoiMSJ9",
          "dependencies": [
            "module.networking.aws_vpc.vpc_network",
            "module.networking.data.aws_availability_zones.available",
            "module.networking.random_shuffle.az_list"
          ]
        }
      ]
    },
    {
      "module": "module.networking",
      "mode": "managed",
      "type": "aws_subnet",
      "name": "public_subnet",
      "provider": "provider[\"registry.terraform.io/hashicorp/aws\"]",
      "instances": [
        {
          "index_key": 0,
          "schema_version": 1,
          "attributes": {
            "arn": "arn:aws:ec2:eu-west-1:705301005849:subnet/subnet-0877fe1781a84f415",
            "assign_ipv6_address_on_creation": false,
            "availability_zone": "eu-west-1b",
            "availability_zone_id": "euw1-az3",
            "cidr_block": "192.168.0.32/28",
            "customer_owned_ipv4_pool": "",
            "enable_dns64": false,
            "enable_resource_name_dns_a_record_on_launch": false,
            "enable_resource_name_dns_aaaa_record_on_launch": false,
            "id": "subnet-0877fe1781a84f415",
            "ipv6_cidr_block": "",
            "ipv6_cidr_block_association_id": "",
            "ipv6_native": false,
            "map_customer_owned_ip_on_launch": false,
            "map_public_ip_on_launch": true,
            "outpost_arn": "",
            "owner_id": "705301005849",
            "private_dns_hostname_type_on_launch": "ip-name",
            "tags": {
              "Entity": "Bold",
              "Environment": "prd",
              "Name": "bold-cd-acloud-repsol-public-prd-snet",
              "Project": "repsol",
              "Region": "eu-west-1",
              "Repository": "https://bitbucket.org/maraujoda/repsol-repo/src/main/",
              "Team": "ACloud",
              "Unit": "cd"
            },
            "tags_all": {
              "Entity": "Bold",
              "Environment": "prd",
              "Name": "bold-cd-acloud-repsol-public-prd-snet",
              "Project": "repsol",
              "Region": "eu-west-1",
              "Repository": "https://bitbucket.org/maraujoda/repsol-repo/src/main/",
              "Team": "ACloud",
              "Unit": "cd"
            },
            "timeouts": null,
            "vpc_id": "vpc-035ca384820a5b3da"
          },
          "sensitive_attributes": [],
          "private": "eyJlMmJmYjczMC1lY2FhLTExZTYtOGY4OC0zNDM2M2JjN2M0YzAiOnsiY3JlYXRlIjo2MDAwMDAwMDAwMDAsImRlbGV0ZSI6MTIwMDAwMDAwMDAwMH0sInNjaGVtYV92ZXJzaW9uIjoiMSJ9",
          "dependencies": [
            "module.networking.aws_vpc.vpc_network",
            "module.networking.data.aws_availability_zones.available",
            "module.networking.random_shuffle.az_list"
          ]
        },
        {
          "index_key": 1,
          "schema_version": 1,
          "attributes": {
            "arn": "arn:aws:ec2:eu-west-1:705301005849:subnet/subnet-02b0487fb76744b0a",
            "assign_ipv6_address_on_creation": false,
            "availability_zone": "eu-west-1a",
            "availability_zone_id": "euw1-az2",
            "cidr_block": "192.168.0.64/28",
            "customer_owned_ipv4_pool": "",
            "enable_dns64": false,
            "enable_resource_name_dns_a_record_on_launch": false,
            "enable_resource_name_dns_aaaa_record_on_launch": false,
            "id": "subnet-02b0487fb76744b0a",
            "ipv6_cidr_block": "",
            "ipv6_cidr_block_association_id": "",
            "ipv6_native": false,
            "map_customer_owned_ip_on_launch": false,
            "map_public_ip_on_launch": true,
            "outpost_arn": "",
            "owner_id": "705301005849",
            "private_dns_hostname_type_on_launch": "ip-name",
            "tags": {
              "Entity": "Bold",
              "Environment": "prd",
              "Name": "bold-cd-acloud-repsol-public-prd-snet",
              "Project": "repsol",
              "Region": "eu-west-1",
              "Repository": "https://bitbucket.org/maraujoda/repsol-repo/src/main/",
              "Team": "ACloud",
              "Unit": "cd"
            },
            "tags_all": {
              "Entity": "Bold",
              "Environment": "prd",
              "Name": "bold-cd-acloud-repsol-public-prd-snet",
              "Project": "repsol",
              "Region": "eu-west-1",
              "Repository": "https://bitbucket.org/maraujoda/repsol-repo/src/main/",
              "Team": "ACloud",
              "Unit": "cd"
            },
            "timeouts": null,
            "vpc_id": "vpc-035ca384820a5b3da"
          },
          "sensitive_attributes": [],
          "private": "eyJlMmJmYjczMC1lY2FhLTExZTYtOGY4OC0zNDM2M2JjN2M0YzAiOnsiY3JlYXRlIjo2MDAwMDAwMDAwMDAsImRlbGV0ZSI6MTIwMDAwMDAwMDAwMH0sInNjaGVtYV92ZXJzaW9uIjoiMSJ9",
          "dependencies": [
            "module.networking.aws_vpc.vpc_network",
            "module.networking.data.aws_availability_zones.available",
            "module.networking.random_shuffle.az_list"
          ]
        },
        {
          "index_key": 2,
          "schema_version": 1,
          "attributes": {
            "arn": "arn:aws:ec2:eu-west-1:705301005849:subnet/subnet-014fe8d5c5cbddf16",
            "assign_ipv6_address_on_creation": false,
            "availability_zone": "eu-west-1c",
            "availability_zone_id": "euw1-az1",
            "cidr_block": "192.168.0.96/28",
            "customer_owned_ipv4_pool": "",
            "enable_dns64": false,
            "enable_resource_name_dns_a_record_on_launch": false,
            "enable_resource_name_dns_aaaa_record_on_launch": false,
            "id": "subnet-014fe8d5c5cbddf16",
            "ipv6_cidr_block": "",
            "ipv6_cidr_block_association_id": "",
            "ipv6_native": false,
            "map_customer_owned_ip_on_launch": false,
            "map_public_ip_on_launch": true,
            "outpost_arn": "",
            "owner_id": "705301005849",
            "private_dns_hostname_type_on_launch": "ip-name",
            "tags": {
              "Entity": "Bold",
              "Environment": "prd",
              "Name": "bold-cd-acloud-repsol-public-prd-snet",
              "Project": "repsol",
              "Region": "eu-west-1",
              "Repository": "https://bitbucket.org/maraujoda/repsol-repo/src/main/",
              "Team": "ACloud",
              "Unit": "cd"
            },
            "tags_all": {
              "Entity": "Bold",
              "Environment": "prd",
              "Name": "bold-cd-acloud-repsol-public-prd-snet",
              "Project": "repsol",
              "Region": "eu-west-1",
              "Repository": "https://bitbucket.org/maraujoda/repsol-repo/src/main/",
              "Team": "ACloud",
              "Unit": "cd"
            },
            "timeouts": null,
            "vpc_id": "vpc-035ca384820a5b3da"
          },
          "sensitive_attributes": [],
          "private": "eyJlMmJmYjczMC1lY2FhLTExZTYtOGY4OC0zNDM2M2JjN2M0YzAiOnsiY3JlYXRlIjo2MDAwMDAwMDAwMDAsImRlbGV0ZSI6MTIwMDAwMDAwMDAwMH0sInNjaGVtYV92ZXJzaW9uIjoiMSJ9",
          "dependencies": [
            "module.networking.aws_vpc.vpc_network",
            "module.networking.data.aws_availability_zones.available",
            "module.networking.random_shuffle.az_list"
          ]
        }
      ]
    },
    {
      "module": "module.networking",
      "mode": "managed",
      "type": "aws_vpc",
      "name": "vpc_network",
      "provider": "provider[\"registry.terraform.io/hashicorp/aws\"]",
      "instances": [
        {
          "schema_version": 1,
          "attributes": {
            "arn": "arn:aws:ec2:eu-west-1:705301005849:vpc/vpc-035ca384820a5b3da",
            "assign_generated_ipv6_cidr_block": false,
            "cidr_block": "192.168.0.0/20",
            "default_network_acl_id": "acl-04f9628df72cf987f",
            "default_route_table_id": "rtb-02bbdc96ee0afc238",
            "default_security_group_id": "sg-03adcbd8bd08acaac",
            "dhcp_options_id": "dopt-09765171972af75e1",
            "enable_classiclink": false,
            "enable_classiclink_dns_support": false,
            "enable_dns_hostnames": true,
            "enable_dns_support": true,
            "enable_network_address_usage_metrics": false,
            "id": "vpc-035ca384820a5b3da",
            "instance_tenancy": "default",
            "ipv4_ipam_pool_id": null,
            "ipv4_netmask_length": null,
            "ipv6_association_id": "",
            "ipv6_cidr_block": "",
            "ipv6_cidr_block_network_border_group": "",
            "ipv6_ipam_pool_id": "",
            "ipv6_netmask_length": 0,
            "main_route_table_id": "rtb-02bbdc96ee0afc238",
            "owner_id": "705301005849",
            "tags": {
              "Entity": "bold",
              "Environment": "prd",
              "Name": "bold-cd-acloud-repsol-prd-vpc",
              "Project": "repsol",
              "Region": "eu-west-1",
              "Repository": "https://bitbucket.org/maraujoda/repsol-repo/src/main/",
              "Team": "acloud",
              "Unit": "cd"
            },
            "tags_all": {
              "Entity": "bold",
              "Environment": "prd",
              "Name": "bold-cd-acloud-repsol-prd-vpc",
              "Project": "repsol",
              "Region": "eu-west-1",
              "Repository": "https://bitbucket.org/maraujoda/repsol-repo/src/main/",
              "Team": "acloud",
              "Unit": "cd"
            }
          },
          "sensitive_attributes": [],
          "private": "eyJzY2hlbWFfdmVyc2lvbiI6IjEifQ==",
          "create_before_destroy": true
        }
      ]
    },
    {
      "module": "module.networking",
      "mode": "managed",
      "type": "random_shuffle",
      "name": "az_list",
      "provider": "provider[\"registry.terraform.io/hashicorp/random\"]",
      "instances": [
        {
          "schema_version": 0,
          "attributes": {
            "id": "-",
            "input": [
              "eu-west-1a",
              "eu-west-1b",
              "eu-west-1c"
            ],
            "keepers": null,
            "result": [
              "eu-west-1b",
              "eu-west-1a",
              "eu-west-1c",
              "eu-west-1c",
              "eu-west-1a",
              "eu-west-1b"
            ],
            "result_count": 6,
            "seed": null
          },
          "sensitive_attributes": [],
          "dependencies": [
            "module.networking.data.aws_availability_zones.available"
          ]
        }
      ]
    },
    {
      "module": "module.repository",
      "mode": "managed",
      "type": "aws_ecr_lifecycle_policy",
      "name": "ecr_lifecycle",
      "provider": "provider[\"registry.terraform.io/hashicorp/aws\"]",
      "instances": [
        {
          "schema_version": 0,
          "attributes": {
            "id": "bold-cd-acloud-repsol-prd-ecr",
            "policy": "{\"rules\":[{\"action\":{\"type\":\"expire\"},\"description\":\"Keep last 10 images\",\"rulePriority\":1,\"selection\":{\"countNumber\":10,\"countType\":\"imageCountMoreThan\",\"tagStatus\":\"any\"}}]}",
            "registry_id": "705301005849",
            "repository": "bold-cd-acloud-repsol-prd-ecr"
          },
          "sensitive_attributes": [],
          "private": "bnVsbA==",
          "dependencies": [
            "module.networking.aws_vpc.vpc_network",
            "module.repository.aws_ecr_repository.ecr_repository"
          ]
        }
      ]
    },
    {
      "module": "module.repository",
      "mode": "managed",
      "type": "aws_ecr_repository",
      "name": "ecr_repository",
      "provider": "provider[\"registry.terraform.io/hashicorp/aws\"]",
      "instances": [
        {
          "schema_version": 0,
          "attributes": {
            "arn": "arn:aws:ecr:eu-west-1:705301005849:repository/bold-cd-acloud-repsol-prd-ecr",
            "encryption_configuration": [
              {
                "encryption_type": "AES256",
                "kms_key": ""
              }
            ],
            "force_delete": null,
            "id": "bold-cd-acloud-repsol-prd-ecr",
            "image_scanning_configuration": [
              {
                "scan_on_push": false
              }
            ],
            "image_tag_mutability": "MUTABLE",
            "name": "bold-cd-acloud-repsol-prd-ecr",
            "registry_id": "705301005849",
            "repository_url": "705301005849.dkr.ecr.eu-west-1.amazonaws.com/bold-cd-acloud-repsol-prd-ecr",
            "tags": {
              "Entity": "Bold",
              "Environment": "prd",
              "Name": "bold-cd-acloud-repsol-prd-ecr",
              "Project": "repsol",
              "Region": "eu-west-1",
              "Repository": "https://bitbucket.org/maraujoda/repsol-repo/src/main/",
              "Team": "ACloud",
              "Unit": "cd"
            },
            "tags_all": {
              "Entity": "Bold",
              "Environment": "prd",
              "Name": "bold-cd-acloud-repsol-prd-ecr",
              "Project": "repsol",
              "Region": "eu-west-1",
              "Repository": "https://bitbucket.org/maraujoda/repsol-repo/src/main/",
              "Team": "ACloud",
              "Unit": "cd"
            },
            "timeouts": null
          },
          "sensitive_attributes": [],
          "private": "eyJlMmJmYjczMC1lY2FhLTExZTYtOGY4OC0zNDM2M2JjN2M0YzAiOnsiZGVsZXRlIjoxMjAwMDAwMDAwMDAwfX0=",
          "dependencies": [
            "module.networking.aws_vpc.vpc_network"
          ]
        }
      ]
    }
  ],
  "check_results": null
}
